// !$*UTF8*$!
{
	archiveVersion = 1;
	classes = {
	};
	objectVersion = 46;
	objects = {

/* Begin PBXBuildFile section */
		1A0B9FD117B520CF0054E6AB /* ipad-tabbar-selected.png in Resources */ = {isa = PBXBuildFile; fileRef = 1A0B9FCF17B520CF0054E6AB /* ipad-tabbar-selected.png */; };
		1A0B9FD217B520CF0054E6AB /* ipad-tabbar-selected@2x.png in Resources */ = {isa = PBXBuildFile; fileRef = 1A0B9FD017B520CF0054E6AB /* ipad-tabbar-selected@2x.png */; };
		1A2CBB6C1748C9C70037E20D /* option-normal-pressing.png in Resources */ = {isa = PBXBuildFile; fileRef = 1A2CBB6A1748C9C70037E20D /* option-normal-pressing.png */; };
		1A2CBB6D1748C9C70037E20D /* option-normal-pressing@2x.png in Resources */ = {isa = PBXBuildFile; fileRef = 1A2CBB6B1748C9C70037E20D /* option-normal-pressing@2x.png */; };
		1A2CBB721748D2430037E20D /* option-right-pressing.png in Resources */ = {isa = PBXBuildFile; fileRef = 1A2CBB6E1748D2430037E20D /* option-right-pressing.png */; };
		1A2CBB731748D2430037E20D /* option-right-pressing@2x.png in Resources */ = {isa = PBXBuildFile; fileRef = 1A2CBB6F1748D2430037E20D /* option-right-pressing@2x.png */; };
		1A2CBB741748D2430037E20D /* option-wrong-pressing.png in Resources */ = {isa = PBXBuildFile; fileRef = 1A2CBB701748D2430037E20D /* option-wrong-pressing.png */; };
		1A2CBB751748D2430037E20D /* option-wrong-pressing@2x.png in Resources */ = {isa = PBXBuildFile; fileRef = 1A2CBB711748D2430037E20D /* option-wrong-pressing@2x.png */; };
		1A3CBB0C174C98960012A9FF /* button-decrease-disabled.png in Resources */ = {isa = PBXBuildFile; fileRef = 1A3CBB04174C98960012A9FF /* button-decrease-disabled.png */; };
		1A3CBB0D174C98960012A9FF /* button-decrease-disabled@2x.png in Resources */ = {isa = PBXBuildFile; fileRef = 1A3CBB05174C98960012A9FF /* button-decrease-disabled@2x.png */; };
		1A3CBB0E174C98960012A9FF /* button-decrease-pressing.png in Resources */ = {isa = PBXBuildFile; fileRef = 1A3CBB06174C98960012A9FF /* button-decrease-pressing.png */; };
		1A3CBB0F174C98960012A9FF /* button-decrease-pressing@2x.png in Resources */ = {isa = PBXBuildFile; fileRef = 1A3CBB07174C98960012A9FF /* button-decrease-pressing@2x.png */; };
		1A3CBB10174C98960012A9FF /* button-increase-disabled.png in Resources */ = {isa = PBXBuildFile; fileRef = 1A3CBB08174C98960012A9FF /* button-increase-disabled.png */; };
		1A3CBB11174C98960012A9FF /* button-increase-disabled@2x.png in Resources */ = {isa = PBXBuildFile; fileRef = 1A3CBB09174C98960012A9FF /* button-increase-disabled@2x.png */; };
		1A3CBB12174C98960012A9FF /* button-increase-pressing.png in Resources */ = {isa = PBXBuildFile; fileRef = 1A3CBB0A174C98960012A9FF /* button-increase-pressing.png */; };
		1A3CBB13174C98960012A9FF /* button-increase-pressing@2x.png in Resources */ = {isa = PBXBuildFile; fileRef = 1A3CBB0B174C98960012A9FF /* button-increase-pressing@2x.png */; };
		1A3CBB22174C9D180012A9FF /* segment-divider-00.png in Resources */ = {isa = PBXBuildFile; fileRef = 1A3CBB1A174C9D180012A9FF /* segment-divider-00.png */; };
		1A3CBB23174C9D180012A9FF /* segment-divider-00@2x.png in Resources */ = {isa = PBXBuildFile; fileRef = 1A3CBB1B174C9D180012A9FF /* segment-divider-00@2x.png */; };
		1A3CBB24174C9D180012A9FF /* segment-divider-01.png in Resources */ = {isa = PBXBuildFile; fileRef = 1A3CBB1C174C9D180012A9FF /* segment-divider-01.png */; };
		1A3CBB25174C9D180012A9FF /* segment-divider-01@2x.png in Resources */ = {isa = PBXBuildFile; fileRef = 1A3CBB1D174C9D180012A9FF /* segment-divider-01@2x.png */; };
		1A3CBB26174C9D180012A9FF /* segment-divider-10.png in Resources */ = {isa = PBXBuildFile; fileRef = 1A3CBB1E174C9D180012A9FF /* segment-divider-10.png */; };
		1A3CBB27174C9D180012A9FF /* segment-divider-10@2x.png in Resources */ = {isa = PBXBuildFile; fileRef = 1A3CBB1F174C9D180012A9FF /* segment-divider-10@2x.png */; };
		1A3CBB2C174C9D370012A9FF /* segment-selected.png in Resources */ = {isa = PBXBuildFile; fileRef = 1A3CBB2A174C9D370012A9FF /* segment-selected.png */; };
		1A3CBB2D174C9D370012A9FF /* segment-selected@2x.png in Resources */ = {isa = PBXBuildFile; fileRef = 1A3CBB2B174C9D370012A9FF /* segment-selected@2x.png */; };
		1A3CBB3A174CB1230012A9FF /* tabbar-selected.png in Resources */ = {isa = PBXBuildFile; fileRef = 1A3CBB36174CB1220012A9FF /* tabbar-selected.png */; };
		1A3CBB3B174CB1230012A9FF /* tabbar-selected@2x.png in Resources */ = {isa = PBXBuildFile; fileRef = 1A3CBB37174CB1220012A9FF /* tabbar-selected@2x.png */; };
		1A3CBB3C174CB1230012A9FF /* tabbar.png in Resources */ = {isa = PBXBuildFile; fileRef = 1A3CBB38174CB1220012A9FF /* tabbar.png */; };
		1A3CBB3D174CB1230012A9FF /* tabbar@2x.png in Resources */ = {isa = PBXBuildFile; fileRef = 1A3CBB39174CB1220012A9FF /* tabbar@2x.png */; };
		1A3CBB4A174CC0950012A9FF /* CMTabBarController.m in Sources */ = {isa = PBXBuildFile; fileRef = 1A3CBB49174CC0950012A9FF /* CMTabBarController.m */; };
		1A3CBB5B174CCA2B0012A9FF /* icon-chart-highlight.png in Resources */ = {isa = PBXBuildFile; fileRef = 1A3CBB53174CCA2B0012A9FF /* icon-chart-highlight.png */; };
		1A3CBB5C174CCA2B0012A9FF /* icon-chart-highlight@2x.png in Resources */ = {isa = PBXBuildFile; fileRef = 1A3CBB54174CCA2B0012A9FF /* icon-chart-highlight@2x.png */; };
		1A3CBB5D174CCA2B0012A9FF /* icon-chart.png in Resources */ = {isa = PBXBuildFile; fileRef = 1A3CBB55174CCA2B0012A9FF /* icon-chart.png */; };
		1A3CBB5E174CCA2B0012A9FF /* icon-chart@2x.png in Resources */ = {isa = PBXBuildFile; fileRef = 1A3CBB56174CCA2B0012A9FF /* icon-chart@2x.png */; };
		1A3CBB5F174CCA2B0012A9FF /* icon-test-highlight.png in Resources */ = {isa = PBXBuildFile; fileRef = 1A3CBB57174CCA2B0012A9FF /* icon-test-highlight.png */; };
		1A3CBB60174CCA2B0012A9FF /* icon-test-highlight@2x.png in Resources */ = {isa = PBXBuildFile; fileRef = 1A3CBB58174CCA2B0012A9FF /* icon-test-highlight@2x.png */; };
		1A3CBB61174CCA2B0012A9FF /* icon-test.png in Resources */ = {isa = PBXBuildFile; fileRef = 1A3CBB59174CCA2B0012A9FF /* icon-test.png */; };
		1A3CBB62174CCA2B0012A9FF /* icon-test@2x.png in Resources */ = {isa = PBXBuildFile; fileRef = 1A3CBB5A174CCA2B0012A9FF /* icon-test@2x.png */; };
		1A42954F187AA7F5004FCCCD /* Images.xcassets in Resources */ = {isa = PBXBuildFile; fileRef = 1A42954E187AA7F5004FCCCD /* Images.xcassets */; };
		1A5980E51703E25300A7F34B /* NSArray+Flatten.m in Sources */ = {isa = PBXBuildFile; fileRef = 1A5980E41703E25300A7F34B /* NSArray+Flatten.m */; };
		1A5ABE3D17B2496600960D0B /* ipad-option-normal-pressing.png in Resources */ = {isa = PBXBuildFile; fileRef = 1A5ABE3117B2496600960D0B /* ipad-option-normal-pressing.png */; };
		1A5ABE3E17B2496600960D0B /* ipad-option-normal-pressing@2x.png in Resources */ = {isa = PBXBuildFile; fileRef = 1A5ABE3217B2496600960D0B /* ipad-option-normal-pressing@2x.png */; };
		1A5ABE3F17B2496600960D0B /* ipad-option-normal.png in Resources */ = {isa = PBXBuildFile; fileRef = 1A5ABE3317B2496600960D0B /* ipad-option-normal.png */; };
		1A5ABE4017B2496600960D0B /* ipad-option-normal@2x.png in Resources */ = {isa = PBXBuildFile; fileRef = 1A5ABE3417B2496600960D0B /* ipad-option-normal@2x.png */; };
		1A5ABE4117B2496600960D0B /* ipad-option-right-pressing.png in Resources */ = {isa = PBXBuildFile; fileRef = 1A5ABE3517B2496600960D0B /* ipad-option-right-pressing.png */; };
		1A5ABE4217B2496600960D0B /* ipad-option-right-pressing@2x.png in Resources */ = {isa = PBXBuildFile; fileRef = 1A5ABE3617B2496600960D0B /* ipad-option-right-pressing@2x.png */; };
		1A5ABE4317B2496600960D0B /* ipad-option-right.png in Resources */ = {isa = PBXBuildFile; fileRef = 1A5ABE3717B2496600960D0B /* ipad-option-right.png */; };
		1A5ABE4417B2496600960D0B /* ipad-option-right@2x.png in Resources */ = {isa = PBXBuildFile; fileRef = 1A5ABE3817B2496600960D0B /* ipad-option-right@2x.png */; };
		1A5ABE4517B2496600960D0B /* ipad-option-wrong-pressing.png in Resources */ = {isa = PBXBuildFile; fileRef = 1A5ABE3917B2496600960D0B /* ipad-option-wrong-pressing.png */; };
		1A5ABE4617B2496600960D0B /* ipad-option-wrong-pressing@2x.png in Resources */ = {isa = PBXBuildFile; fileRef = 1A5ABE3A17B2496600960D0B /* ipad-option-wrong-pressing@2x.png */; };
		1A5ABE4717B2496600960D0B /* ipad-option-wrong.png in Resources */ = {isa = PBXBuildFile; fileRef = 1A5ABE3B17B2496600960D0B /* ipad-option-wrong.png */; };
		1A5ABE4817B2496600960D0B /* ipad-option-wrong@2x.png in Resources */ = {isa = PBXBuildFile; fileRef = 1A5ABE3C17B2496600960D0B /* ipad-option-wrong@2x.png */; };
		1A6649011904F18B008B5644 /* jquery-2.1.0.min.js in Resources */ = {isa = PBXBuildFile; fileRef = 1A6648FF1904F0F4008B5644 /* jquery-2.1.0.min.js */; };
		1A6649331904F2C1008B5644 /* (e).aac in Resources */ = {isa = PBXBuildFile; fileRef = 1A6649031904F2C1008B5644 /* (e).aac */; };
		1A6649341904F2C1008B5644 /* (i).aac in Resources */ = {isa = PBXBuildFile; fileRef = 1A6649041904F2C1008B5644 /* (i).aac */; };
		1A6649351904F2C1008B5644 /* a.aac in Resources */ = {isa = PBXBuildFile; fileRef = 1A6649051904F2C1008B5644 /* a.aac */; };
		1A6649361904F2C1008B5644 /* chi.aac in Resources */ = {isa = PBXBuildFile; fileRef = 1A6649061904F2C1008B5644 /* chi.aac */; };
		1A6649371904F2C1008B5644 /* e.aac in Resources */ = {isa = PBXBuildFile; fileRef = 1A6649071904F2C1008B5644 /* e.aac */; };
		1A6649381904F2C1008B5644 /* fu.aac in Resources */ = {isa = PBXBuildFile; fileRef = 1A6649081904F2C1008B5644 /* fu.aac */; };
		1A6649391904F2C1008B5644 /* ha.aac in Resources */ = {isa = PBXBuildFile; fileRef = 1A6649091904F2C1008B5644 /* ha.aac */; };
		1A66493A1904F2C1008B5644 /* he.aac in Resources */ = {isa = PBXBuildFile; fileRef = 1A66490A1904F2C1008B5644 /* he.aac */; };
		1A66493B1904F2C1008B5644 /* hi.aac in Resources */ = {isa = PBXBuildFile; fileRef = 1A66490B1904F2C1008B5644 /* hi.aac */; };
		1A66493C1904F2C1008B5644 /* ho.aac in Resources */ = {isa = PBXBuildFile; fileRef = 1A66490C1904F2C1008B5644 /* ho.aac */; };
		1A66493D1904F2C1008B5644 /* i.aac in Resources */ = {isa = PBXBuildFile; fileRef = 1A66490D1904F2C1008B5644 /* i.aac */; };
		1A66493E1904F2C1008B5644 /* ka.aac in Resources */ = {isa = PBXBuildFile; fileRef = 1A66490E1904F2C1008B5644 /* ka.aac */; };
		1A66493F1904F2C1008B5644 /* ke.aac in Resources */ = {isa = PBXBuildFile; fileRef = 1A66490F1904F2C1008B5644 /* ke.aac */; };
		1A6649401904F2C1008B5644 /* ki.aac in Resources */ = {isa = PBXBuildFile; fileRef = 1A6649101904F2C1008B5644 /* ki.aac */; };
		1A6649411904F2C1008B5644 /* ko.aac in Resources */ = {isa = PBXBuildFile; fileRef = 1A6649111904F2C1008B5644 /* ko.aac */; };
		1A6649421904F2C1008B5644 /* ku.aac in Resources */ = {isa = PBXBuildFile; fileRef = 1A6649121904F2C1008B5644 /* ku.aac */; };
		1A6649431904F2C1008B5644 /* ma.aac in Resources */ = {isa = PBXBuildFile; fileRef = 1A6649131904F2C1008B5644 /* ma.aac */; };
		1A6649441904F2C1008B5644 /* me.aac in Resources */ = {isa = PBXBuildFile; fileRef = 1A6649141904F2C1008B5644 /* me.aac */; };
		1A6649451904F2C1008B5644 /* mi.aac in Resources */ = {isa = PBXBuildFile; fileRef = 1A6649151904F2C1008B5644 /* mi.aac */; };
		1A6649461904F2C1008B5644 /* mo.aac in Resources */ = {isa = PBXBuildFile; fileRef = 1A6649161904F2C1008B5644 /* mo.aac */; };
		1A6649471904F2C1008B5644 /* mu.aac in Resources */ = {isa = PBXBuildFile; fileRef = 1A6649171904F2C1008B5644 /* mu.aac */; };
		1A6649481904F2C1008B5644 /* n.aac in Resources */ = {isa = PBXBuildFile; fileRef = 1A6649181904F2C1008B5644 /* n.aac */; };
		1A6649491904F2C1008B5644 /* na.aac in Resources */ = {isa = PBXBuildFile; fileRef = 1A6649191904F2C1008B5644 /* na.aac */; };
		1A66494A1904F2C1008B5644 /* ne.aac in Resources */ = {isa = PBXBuildFile; fileRef = 1A66491A1904F2C1008B5644 /* ne.aac */; };
		1A66494B1904F2C1008B5644 /* ni.aac in Resources */ = {isa = PBXBuildFile; fileRef = 1A66491B1904F2C1008B5644 /* ni.aac */; };
		1A66494C1904F2C1008B5644 /* no.aac in Resources */ = {isa = PBXBuildFile; fileRef = 1A66491C1904F2C1008B5644 /* no.aac */; };
		1A66494D1904F2C1008B5644 /* nu.aac in Resources */ = {isa = PBXBuildFile; fileRef = 1A66491D1904F2C1008B5644 /* nu.aac */; };
		1A66494E1904F2C1008B5644 /* o.aac in Resources */ = {isa = PBXBuildFile; fileRef = 1A66491E1904F2C1008B5644 /* o.aac */; };
		1A66494F1904F2C1008B5644 /* ra.aac in Resources */ = {isa = PBXBuildFile; fileRef = 1A66491F1904F2C1008B5644 /* ra.aac */; };
		1A6649501904F2C1008B5644 /* re.aac in Resources */ = {isa = PBXBuildFile; fileRef = 1A6649201904F2C1008B5644 /* re.aac */; };
		1A6649511904F2C1008B5644 /* ri.aac in Resources */ = {isa = PBXBuildFile; fileRef = 1A6649211904F2C1008B5644 /* ri.aac */; };
		1A6649521904F2C1008B5644 /* ro.aac in Resources */ = {isa = PBXBuildFile; fileRef = 1A6649221904F2C1008B5644 /* ro.aac */; };
		1A6649531904F2C1008B5644 /* ru.aac in Resources */ = {isa = PBXBuildFile; fileRef = 1A6649231904F2C1008B5644 /* ru.aac */; };
		1A6649541904F2C1008B5644 /* sa.aac in Resources */ = {isa = PBXBuildFile; fileRef = 1A6649241904F2C1008B5644 /* sa.aac */; };
		1A6649551904F2C1008B5644 /* se.aac in Resources */ = {isa = PBXBuildFile; fileRef = 1A6649251904F2C1008B5644 /* se.aac */; };
		1A6649561904F2C1008B5644 /* shi.aac in Resources */ = {isa = PBXBuildFile; fileRef = 1A6649261904F2C1008B5644 /* shi.aac */; };
		1A6649571904F2C1008B5644 /* so.aac in Resources */ = {isa = PBXBuildFile; fileRef = 1A6649271904F2C1008B5644 /* so.aac */; };
		1A6649581904F2C1008B5644 /* su.aac in Resources */ = {isa = PBXBuildFile; fileRef = 1A6649281904F2C1008B5644 /* su.aac */; };
		1A6649591904F2C1008B5644 /* ta.aac in Resources */ = {isa = PBXBuildFile; fileRef = 1A6649291904F2C1008B5644 /* ta.aac */; };
		1A66495A1904F2C1008B5644 /* te.aac in Resources */ = {isa = PBXBuildFile; fileRef = 1A66492A1904F2C1008B5644 /* te.aac */; };
		1A66495B1904F2C1008B5644 /* to.aac in Resources */ = {isa = PBXBuildFile; fileRef = 1A66492B1904F2C1008B5644 /* to.aac */; };
		1A66495C1904F2C1008B5644 /* tsu.aac in Resources */ = {isa = PBXBuildFile; fileRef = 1A66492C1904F2C1008B5644 /* tsu.aac */; };
		1A66495D1904F2C1008B5644 /* u.aac in Resources */ = {isa = PBXBuildFile; fileRef = 1A66492D1904F2C1008B5644 /* u.aac */; };
		1A66495E1904F2C1008B5644 /* wa.aac in Resources */ = {isa = PBXBuildFile; fileRef = 1A66492E1904F2C1008B5644 /* wa.aac */; };
		1A66495F1904F2C1008B5644 /* wo.aac in Resources */ = {isa = PBXBuildFile; fileRef = 1A66492F1904F2C1008B5644 /* wo.aac */; };
		1A6649601904F2C1008B5644 /* ya.aac in Resources */ = {isa = PBXBuildFile; fileRef = 1A6649301904F2C1008B5644 /* ya.aac */; };
		1A6649611904F2C1008B5644 /* yo.aac in Resources */ = {isa = PBXBuildFile; fileRef = 1A6649311904F2C1008B5644 /* yo.aac */; };
		1A6649621904F2C1008B5644 /* yu.aac in Resources */ = {isa = PBXBuildFile; fileRef = 1A6649321904F2C1008B5644 /* yu.aac */; };
		1A7265951700B06F00C9A0CB /* NSMutableArray+Shuffling.m in Sources */ = {isa = PBXBuildFile; fileRef = 1A7265941700B06F00C9A0CB /* NSMutableArray+Shuffling.m */; };
		1A74195A179C2D3F00FCC42E /* ipad-button-decrease-disabled.png in Resources */ = {isa = PBXBuildFile; fileRef = 1A741942179C2D3F00FCC42E /* ipad-button-decrease-disabled.png */; };
		1A74195B179C2D3F00FCC42E /* ipad-button-decrease-disabled@2x.png in Resources */ = {isa = PBXBuildFile; fileRef = 1A741943179C2D3F00FCC42E /* ipad-button-decrease-disabled@2x.png */; };
		1A74195C179C2D3F00FCC42E /* ipad-button-decrease-pressing.png in Resources */ = {isa = PBXBuildFile; fileRef = 1A741944179C2D3F00FCC42E /* ipad-button-decrease-pressing.png */; };
		1A74195D179C2D3F00FCC42E /* ipad-button-decrease-pressing@2x.png in Resources */ = {isa = PBXBuildFile; fileRef = 1A741945179C2D3F00FCC42E /* ipad-button-decrease-pressing@2x.png */; };
		1A74195E179C2D3F00FCC42E /* ipad-button-decrease.png in Resources */ = {isa = PBXBuildFile; fileRef = 1A741946179C2D3F00FCC42E /* ipad-button-decrease.png */; };
		1A74195F179C2D3F00FCC42E /* ipad-button-decrease@2x.png in Resources */ = {isa = PBXBuildFile; fileRef = 1A741947179C2D3F00FCC42E /* ipad-button-decrease@2x.png */; };
		1A741960179C2D3F00FCC42E /* ipad-button-increase-disabled.png in Resources */ = {isa = PBXBuildFile; fileRef = 1A741948179C2D3F00FCC42E /* ipad-button-increase-disabled.png */; };
		1A741961179C2D3F00FCC42E /* ipad-button-increase-disabled@2x.png in Resources */ = {isa = PBXBuildFile; fileRef = 1A741949179C2D3F00FCC42E /* ipad-button-increase-disabled@2x.png */; };
		1A741962179C2D3F00FCC42E /* ipad-button-increase-pressing.png in Resources */ = {isa = PBXBuildFile; fileRef = 1A74194A179C2D3F00FCC42E /* ipad-button-increase-pressing.png */; };
		1A741963179C2D3F00FCC42E /* ipad-button-increase-pressing@2x.png in Resources */ = {isa = PBXBuildFile; fileRef = 1A74194B179C2D3F00FCC42E /* ipad-button-increase-pressing@2x.png */; };
		1A741964179C2D3F00FCC42E /* ipad-button-increase.png in Resources */ = {isa = PBXBuildFile; fileRef = 1A74194C179C2D3F00FCC42E /* ipad-button-increase.png */; };
		1A741965179C2D3F00FCC42E /* ipad-button-increase@2x.png in Resources */ = {isa = PBXBuildFile; fileRef = 1A74194D179C2D3F00FCC42E /* ipad-button-increase@2x.png */; };
		1A741966179C2D3F00FCC42E /* ipad-label-background.png in Resources */ = {isa = PBXBuildFile; fileRef = 1A74194E179C2D3F00FCC42E /* ipad-label-background.png */; };
		1A741967179C2D3F00FCC42E /* ipad-label-background@2x.png in Resources */ = {isa = PBXBuildFile; fileRef = 1A74194F179C2D3F00FCC42E /* ipad-label-background@2x.png */; };
		1A741968179C2D3F00FCC42E /* ipad-segment-divider-00.png in Resources */ = {isa = PBXBuildFile; fileRef = 1A741950179C2D3F00FCC42E /* ipad-segment-divider-00.png */; };
		1A741969179C2D3F00FCC42E /* ipad-segment-divider-00@2x.png in Resources */ = {isa = PBXBuildFile; fileRef = 1A741951179C2D3F00FCC42E /* ipad-segment-divider-00@2x.png */; };
		1A74196A179C2D3F00FCC42E /* ipad-segment-divider-01.png in Resources */ = {isa = PBXBuildFile; fileRef = 1A741952179C2D3F00FCC42E /* ipad-segment-divider-01.png */; };
		1A74196B179C2D3F00FCC42E /* ipad-segment-divider-01@2x.png in Resources */ = {isa = PBXBuildFile; fileRef = 1A741953179C2D3F00FCC42E /* ipad-segment-divider-01@2x.png */; };
		1A74196C179C2D3F00FCC42E /* ipad-segment-divider-10.png in Resources */ = {isa = PBXBuildFile; fileRef = 1A741954179C2D3F00FCC42E /* ipad-segment-divider-10.png */; };
		1A74196D179C2D3F00FCC42E /* ipad-segment-divider-10@2x.png in Resources */ = {isa = PBXBuildFile; fileRef = 1A741955179C2D3F00FCC42E /* ipad-segment-divider-10@2x.png */; };
		1A74196E179C2D3F00FCC42E /* ipad-segment-selected.png in Resources */ = {isa = PBXBuildFile; fileRef = 1A741956179C2D3F00FCC42E /* ipad-segment-selected.png */; };
		1A74196F179C2D3F00FCC42E /* ipad-segment-selected@2x.png in Resources */ = {isa = PBXBuildFile; fileRef = 1A741957179C2D3F00FCC42E /* ipad-segment-selected@2x.png */; };
		1A741970179C2D3F00FCC42E /* ipad-segment.png in Resources */ = {isa = PBXBuildFile; fileRef = 1A741958179C2D3F00FCC42E /* ipad-segment.png */; };
		1A741971179C2D3F00FCC42E /* ipad-segment@2x.png in Resources */ = {isa = PBXBuildFile; fileRef = 1A741959179C2D3F00FCC42E /* ipad-segment@2x.png */; };
		1A741975179C2F8A00FCC42E /* UIImage+Device.m in Sources */ = {isa = PBXBuildFile; fileRef = 1A741974179C2F8A00FCC42E /* UIImage+Device.m */; };
		1A750328173254BD0071D087 /* chart.html in Resources */ = {isa = PBXBuildFile; fileRef = 1A750327173254BD0071D087 /* chart.html */; };
		1A75035517325BDD0071D087 /* chart.css in Resources */ = {isa = PBXBuildFile; fileRef = 1A75035417325BDD0071D087 /* chart.css */; };
		1A7C320416FC990C00F5A71A /* UIKit.framework in Frameworks */ = {isa = PBXBuildFile; fileRef = 1A7C320316FC990C00F5A71A /* UIKit.framework */; };
		1A7C320616FC990C00F5A71A /* Foundation.framework in Frameworks */ = {isa = PBXBuildFile; fileRef = 1A7C320516FC990C00F5A71A /* Foundation.framework */; };
		1A7C320816FC990C00F5A71A /* CoreGraphics.framework in Frameworks */ = {isa = PBXBuildFile; fileRef = 1A7C320716FC990C00F5A71A /* CoreGraphics.framework */; };
		1A7C320E16FC990C00F5A71A /* InfoPlist.strings in Resources */ = {isa = PBXBuildFile; fileRef = 1A7C320C16FC990C00F5A71A /* InfoPlist.strings */; };
		1A7C321016FC990C00F5A71A /* main.m in Sources */ = {isa = PBXBuildFile; fileRef = 1A7C320F16FC990C00F5A71A /* main.m */; };
		1A7C321416FC990C00F5A71A /* CMAppDelegate.m in Sources */ = {isa = PBXBuildFile; fileRef = 1A7C321316FC990C00F5A71A /* CMAppDelegate.m */; };
		1A7C322016FC990C00F5A71A /* CMChartViewController.m in Sources */ = {isa = PBXBuildFile; fileRef = 1A7C321F16FC990C00F5A71A /* CMChartViewController.m */; };
		1A7C322716FC990C00F5A71A /* CMTestViewController.m in Sources */ = {isa = PBXBuildFile; fileRef = 1A7C322616FC990C00F5A71A /* CMTestViewController.m */; };
		1A7C323316FC990D00F5A71A /* SenTestingKit.framework in Frameworks */ = {isa = PBXBuildFile; fileRef = 1A7C323216FC990D00F5A71A /* SenTestingKit.framework */; };
		1A7C323416FC990D00F5A71A /* UIKit.framework in Frameworks */ = {isa = PBXBuildFile; fileRef = 1A7C320316FC990C00F5A71A /* UIKit.framework */; };
		1A7C323516FC990D00F5A71A /* Foundation.framework in Frameworks */ = {isa = PBXBuildFile; fileRef = 1A7C320516FC990C00F5A71A /* Foundation.framework */; };
		1A7C323D16FC990D00F5A71A /* InfoPlist.strings in Resources */ = {isa = PBXBuildFile; fileRef = 1A7C323B16FC990D00F5A71A /* InfoPlist.strings */; };
		1A7C324016FC990D00F5A71A /* CryptomeriaTests.m in Sources */ = {isa = PBXBuildFile; fileRef = 1A7C323F16FC990D00F5A71A /* CryptomeriaTests.m */; };
		1A7C324B16FCA5B200F5A71A /* CMVocabularyViewController.m in Sources */ = {isa = PBXBuildFile; fileRef = 1A7C324A16FCA5B200F5A71A /* CMVocabularyViewController.m */; };
		1A7C325116FDB16200F5A71A /* CMChartData.m in Sources */ = {isa = PBXBuildFile; fileRef = 1A7C325016FDB16200F5A71A /* CMChartData.m */; };
		1A95E4F5170534AA00DB0193 /* CMVocabularyData.m in Sources */ = {isa = PBXBuildFile; fileRef = 1A95E4F4170534AA00DB0193 /* CMVocabularyData.m */; };
		1A95E4F71705367B00DB0193 /* vocabulary.json in Resources */ = {isa = PBXBuildFile; fileRef = 1A95E4F61705367B00DB0193 /* vocabulary.json */; };
		1A95FE3E173F4BC20008DEE5 /* segment.png in Resources */ = {isa = PBXBuildFile; fileRef = 1A95FE3C173F4BC20008DEE5 /* segment.png */; };
		1A95FE3F173F4BC20008DEE5 /* segment@2x.png in Resources */ = {isa = PBXBuildFile; fileRef = 1A95FE3D173F4BC20008DEE5 /* segment@2x.png */; };
		1A9A11D71742260F00CD9972 /* label-background.png in Resources */ = {isa = PBXBuildFile; fileRef = 1A9A11D51742260F00CD9972 /* label-background.png */; };
		1A9A11D81742260F00CD9972 /* label-background@2x.png in Resources */ = {isa = PBXBuildFile; fileRef = 1A9A11D61742260F00CD9972 /* label-background@2x.png */; };
		1A9A11DD17422AB300CD9972 /* button-decrease.png in Resources */ = {isa = PBXBuildFile; fileRef = 1A9A11D917422AB300CD9972 /* button-decrease.png */; };
		1A9A11DE17422AB300CD9972 /* button-decrease@2x.png in Resources */ = {isa = PBXBuildFile; fileRef = 1A9A11DA17422AB300CD9972 /* button-decrease@2x.png */; };
		1A9A11DF17422AB300CD9972 /* button-increase.png in Resources */ = {isa = PBXBuildFile; fileRef = 1A9A11DB17422AB300CD9972 /* button-increase.png */; };
		1A9A11E017422AB300CD9972 /* button-increase@2x.png in Resources */ = {isa = PBXBuildFile; fileRef = 1A9A11DC17422AB300CD9972 /* button-increase@2x.png */; };
		1ACB44B2175A43AE00625341 /* iTunesArtwork in Resources */ = {isa = PBXBuildFile; fileRef = 1ACB44B0175A43AE00625341 /* iTunesArtwork */; };
		1ACB44B3175A43AE00625341 /* iTunesArtwork@2x in Resources */ = {isa = PBXBuildFile; fileRef = 1ACB44B1175A43AE00625341 /* iTunesArtwork@2x */; };
		1ADA76A51705DC23007F6190 /* CMVocabularyCell.m in Sources */ = {isa = PBXBuildFile; fileRef = 1ADA76A41705DC23007F6190 /* CMVocabularyCell.m */; };
		1ADA76A61705E019007F6190 /* MainStoryboard.storyboard in Resources */ = {isa = PBXBuildFile; fileRef = 1A7C321B16FC990C00F5A71A /* MainStoryboard.storyboard */; };
		1AEAB0A91B75CE5A00B5FB40 /* Launch.storyboard in Resources */ = {isa = PBXBuildFile; fileRef = 1AEAB0A81B75CE5A00B5FB40 /* Launch.storyboard */; };
		1AFAFC9C173E65410057BB82 /* option-normal.png in Resources */ = {isa = PBXBuildFile; fileRef = 1AFAFC98173E65410057BB82 /* option-normal.png */; };
		1AFAFC9D173E65410057BB82 /* option-normal@2x.png in Resources */ = {isa = PBXBuildFile; fileRef = 1AFAFC99173E65410057BB82 /* option-normal@2x.png */; };
		1AFAFC9E173E65410057BB82 /* option-right.png in Resources */ = {isa = PBXBuildFile; fileRef = 1AFAFC9A173E65410057BB82 /* option-right.png */; };
		1AFAFC9F173E65410057BB82 /* option-right@2x.png in Resources */ = {isa = PBXBuildFile; fileRef = 1AFAFC9B173E65410057BB82 /* option-right@2x.png */; };
		1AFAFCA2173E68020057BB82 /* option-wrong.png in Resources */ = {isa = PBXBuildFile; fileRef = 1AFAFCA0173E68020057BB82 /* option-wrong.png */; };
		1AFAFCA3173E68020057BB82 /* option-wrong@2x.png in Resources */ = {isa = PBXBuildFile; fileRef = 1AFAFCA1173E68020057BB82 /* option-wrong@2x.png */; };
		1AFAFCA9173E96210057BB82 /* UIButton+AttributedString.m in Sources */ = {isa = PBXBuildFile; fileRef = 1AFAFCA8173E96210057BB82 /* UIButton+AttributedString.m */; };
/* End PBXBuildFile section */

/* Begin PBXContainerItemProxy section */
		1A7C323616FC990D00F5A71A /* PBXContainerItemProxy */ = {
			isa = PBXContainerItemProxy;
			containerPortal = 1A7C31F816FC990C00F5A71A /* Project object */;
			proxyType = 1;
			remoteGlobalIDString = 1A7C31FF16FC990C00F5A71A;
			remoteInfo = Cryptomeria;
		};
/* End PBXContainerItemProxy section */

/* Begin PBXFileReference section */
		1A0B9FCF17B520CF0054E6AB /* ipad-tabbar-selected.png */ = {isa = PBXFileReference; lastKnownFileType = image.png; name = "ipad-tabbar-selected.png"; path = "resources/ipad-tabbar-selected.png"; sourceTree = "<group>"; };
		1A0B9FD017B520CF0054E6AB /* ipad-tabbar-selected@2x.png */ = {isa = PBXFileReference; lastKnownFileType = image.png; name = "ipad-tabbar-selected@2x.png"; path = "resources/ipad-tabbar-selected@2x.png"; sourceTree = "<group>"; };
		1A2CBB6A1748C9C70037E20D /* option-normal-pressing.png */ = {isa = PBXFileReference; lastKnownFileType = image.png; name = "option-normal-pressing.png"; path = "resources/option-normal-pressing.png"; sourceTree = "<group>"; };
		1A2CBB6B1748C9C70037E20D /* option-normal-pressing@2x.png */ = {isa = PBXFileReference; lastKnownFileType = image.png; name = "option-normal-pressing@2x.png"; path = "resources/option-normal-pressing@2x.png"; sourceTree = "<group>"; };
		1A2CBB6E1748D2430037E20D /* option-right-pressing.png */ = {isa = PBXFileReference; lastKnownFileType = image.png; name = "option-right-pressing.png"; path = "resources/option-right-pressing.png"; sourceTree = "<group>"; };
		1A2CBB6F1748D2430037E20D /* option-right-pressing@2x.png */ = {isa = PBXFileReference; lastKnownFileType = image.png; name = "option-right-pressing@2x.png"; path = "resources/option-right-pressing@2x.png"; sourceTree = "<group>"; };
		1A2CBB701748D2430037E20D /* option-wrong-pressing.png */ = {isa = PBXFileReference; lastKnownFileType = image.png; name = "option-wrong-pressing.png"; path = "resources/option-wrong-pressing.png"; sourceTree = "<group>"; };
		1A2CBB711748D2430037E20D /* option-wrong-pressing@2x.png */ = {isa = PBXFileReference; lastKnownFileType = image.png; name = "option-wrong-pressing@2x.png"; path = "resources/option-wrong-pressing@2x.png"; sourceTree = "<group>"; };
		1A3CBB04174C98960012A9FF /* button-decrease-disabled.png */ = {isa = PBXFileReference; lastKnownFileType = image.png; name = "button-decrease-disabled.png"; path = "resources/button-decrease-disabled.png"; sourceTree = "<group>"; };
		1A3CBB05174C98960012A9FF /* button-decrease-disabled@2x.png */ = {isa = PBXFileReference; lastKnownFileType = image.png; name = "button-decrease-disabled@2x.png"; path = "resources/button-decrease-disabled@2x.png"; sourceTree = "<group>"; };
		1A3CBB06174C98960012A9FF /* button-decrease-pressing.png */ = {isa = PBXFileReference; lastKnownFileType = image.png; name = "button-decrease-pressing.png"; path = "resources/button-decrease-pressing.png"; sourceTree = "<group>"; };
		1A3CBB07174C98960012A9FF /* button-decrease-pressing@2x.png */ = {isa = PBXFileReference; lastKnownFileType = image.png; name = "button-decrease-pressing@2x.png"; path = "resources/button-decrease-pressing@2x.png"; sourceTree = "<group>"; };
		1A3CBB08174C98960012A9FF /* button-increase-disabled.png */ = {isa = PBXFileReference; lastKnownFileType = image.png; name = "button-increase-disabled.png"; path = "resources/button-increase-disabled.png"; sourceTree = "<group>"; };
		1A3CBB09174C98960012A9FF /* button-increase-disabled@2x.png */ = {isa = PBXFileReference; lastKnownFileType = image.png; name = "button-increase-disabled@2x.png"; path = "resources/button-increase-disabled@2x.png"; sourceTree = "<group>"; };
		1A3CBB0A174C98960012A9FF /* button-increase-pressing.png */ = {isa = PBXFileReference; lastKnownFileType = image.png; name = "button-increase-pressing.png"; path = "resources/button-increase-pressing.png"; sourceTree = "<group>"; };
		1A3CBB0B174C98960012A9FF /* button-increase-pressing@2x.png */ = {isa = PBXFileReference; lastKnownFileType = image.png; name = "button-increase-pressing@2x.png"; path = "resources/button-increase-pressing@2x.png"; sourceTree = "<group>"; };
		1A3CBB1A174C9D180012A9FF /* segment-divider-00.png */ = {isa = PBXFileReference; lastKnownFileType = image.png; name = "segment-divider-00.png"; path = "resources/segment-divider-00.png"; sourceTree = "<group>"; };
		1A3CBB1B174C9D180012A9FF /* segment-divider-00@2x.png */ = {isa = PBXFileReference; lastKnownFileType = image.png; name = "segment-divider-00@2x.png"; path = "resources/segment-divider-00@2x.png"; sourceTree = "<group>"; };
		1A3CBB1C174C9D180012A9FF /* segment-divider-01.png */ = {isa = PBXFileReference; lastKnownFileType = image.png; name = "segment-divider-01.png"; path = "resources/segment-divider-01.png"; sourceTree = "<group>"; };
		1A3CBB1D174C9D180012A9FF /* segment-divider-01@2x.png */ = {isa = PBXFileReference; lastKnownFileType = image.png; name = "segment-divider-01@2x.png"; path = "resources/segment-divider-01@2x.png"; sourceTree = "<group>"; };
		1A3CBB1E174C9D180012A9FF /* segment-divider-10.png */ = {isa = PBXFileReference; lastKnownFileType = image.png; name = "segment-divider-10.png"; path = "resources/segment-divider-10.png"; sourceTree = "<group>"; };
		1A3CBB1F174C9D180012A9FF /* segment-divider-10@2x.png */ = {isa = PBXFileReference; lastKnownFileType = image.png; name = "segment-divider-10@2x.png"; path = "resources/segment-divider-10@2x.png"; sourceTree = "<group>"; };
		1A3CBB2A174C9D370012A9FF /* segment-selected.png */ = {isa = PBXFileReference; lastKnownFileType = image.png; name = "segment-selected.png"; path = "resources/segment-selected.png"; sourceTree = "<group>"; };
		1A3CBB2B174C9D370012A9FF /* segment-selected@2x.png */ = {isa = PBXFileReference; lastKnownFileType = image.png; name = "segment-selected@2x.png"; path = "resources/segment-selected@2x.png"; sourceTree = "<group>"; };
		1A3CBB36174CB1220012A9FF /* tabbar-selected.png */ = {isa = PBXFileReference; lastKnownFileType = image.png; name = "tabbar-selected.png"; path = "resources/tabbar-selected.png"; sourceTree = "<group>"; };
		1A3CBB37174CB1220012A9FF /* tabbar-selected@2x.png */ = {isa = PBXFileReference; lastKnownFileType = image.png; name = "tabbar-selected@2x.png"; path = "resources/tabbar-selected@2x.png"; sourceTree = "<group>"; };
		1A3CBB38174CB1220012A9FF /* tabbar.png */ = {isa = PBXFileReference; lastKnownFileType = image.png; name = tabbar.png; path = resources/tabbar.png; sourceTree = "<group>"; };
		1A3CBB39174CB1220012A9FF /* tabbar@2x.png */ = {isa = PBXFileReference; lastKnownFileType = image.png; name = "tabbar@2x.png"; path = "resources/tabbar@2x.png"; sourceTree = "<group>"; };
		1A3CBB48174CC0950012A9FF /* CMTabBarController.h */ = {isa = PBXFileReference; fileEncoding = 4; lastKnownFileType = sourcecode.c.h; path = CMTabBarController.h; sourceTree = "<group>"; };
		1A3CBB49174CC0950012A9FF /* CMTabBarController.m */ = {isa = PBXFileReference; fileEncoding = 4; lastKnownFileType = sourcecode.c.objc; path = CMTabBarController.m; sourceTree = "<group>"; };
		1A3CBB53174CCA2B0012A9FF /* icon-chart-highlight.png */ = {isa = PBXFileReference; lastKnownFileType = image.png; name = "icon-chart-highlight.png"; path = "resources/icon-chart-highlight.png"; sourceTree = "<group>"; };
		1A3CBB54174CCA2B0012A9FF /* icon-chart-highlight@2x.png */ = {isa = PBXFileReference; lastKnownFileType = image.png; name = "icon-chart-highlight@2x.png"; path = "resources/icon-chart-highlight@2x.png"; sourceTree = "<group>"; };
		1A3CBB55174CCA2B0012A9FF /* icon-chart.png */ = {isa = PBXFileReference; lastKnownFileType = image.png; name = "icon-chart.png"; path = "resources/icon-chart.png"; sourceTree = "<group>"; };
		1A3CBB56174CCA2B0012A9FF /* icon-chart@2x.png */ = {isa = PBXFileReference; lastKnownFileType = image.png; name = "icon-chart@2x.png"; path = "resources/icon-chart@2x.png"; sourceTree = "<group>"; };
		1A3CBB57174CCA2B0012A9FF /* icon-test-highlight.png */ = {isa = PBXFileReference; lastKnownFileType = image.png; name = "icon-test-highlight.png"; path = "resources/icon-test-highlight.png"; sourceTree = "<group>"; };
		1A3CBB58174CCA2B0012A9FF /* icon-test-highlight@2x.png */ = {isa = PBXFileReference; lastKnownFileType = image.png; name = "icon-test-highlight@2x.png"; path = "resources/icon-test-highlight@2x.png"; sourceTree = "<group>"; };
		1A3CBB59174CCA2B0012A9FF /* icon-test.png */ = {isa = PBXFileReference; lastKnownFileType = image.png; name = "icon-test.png"; path = "resources/icon-test.png"; sourceTree = "<group>"; };
		1A3CBB5A174CCA2B0012A9FF /* icon-test@2x.png */ = {isa = PBXFileReference; lastKnownFileType = image.png; name = "icon-test@2x.png"; path = "resources/icon-test@2x.png"; sourceTree = "<group>"; };
		1A42954E187AA7F5004FCCCD /* Images.xcassets */ = {isa = PBXFileReference; lastKnownFileType = folder.assetcatalog; path = Images.xcassets; sourceTree = "<group>"; };
		1A5980E31703E25300A7F34B /* NSArray+Flatten.h */ = {isa = PBXFileReference; fileEncoding = 4; lastKnownFileType = sourcecode.c.h; name = "NSArray+Flatten.h"; path = "data/NSArray+Flatten.h"; sourceTree = "<group>"; };
		1A5980E41703E25300A7F34B /* NSArray+Flatten.m */ = {isa = PBXFileReference; fileEncoding = 4; lastKnownFileType = sourcecode.c.objc; name = "NSArray+Flatten.m"; path = "data/NSArray+Flatten.m"; sourceTree = "<group>"; };
		1A5ABE3117B2496600960D0B /* ipad-option-normal-pressing.png */ = {isa = PBXFileReference; lastKnownFileType = image.png; name = "ipad-option-normal-pressing.png"; path = "resources/ipad-option-normal-pressing.png"; sourceTree = "<group>"; };
		1A5ABE3217B2496600960D0B /* ipad-option-normal-pressing@2x.png */ = {isa = PBXFileReference; lastKnownFileType = image.png; name = "ipad-option-normal-pressing@2x.png"; path = "resources/ipad-option-normal-pressing@2x.png"; sourceTree = "<group>"; };
		1A5ABE3317B2496600960D0B /* ipad-option-normal.png */ = {isa = PBXFileReference; lastKnownFileType = image.png; name = "ipad-option-normal.png"; path = "resources/ipad-option-normal.png"; sourceTree = "<group>"; };
		1A5ABE3417B2496600960D0B /* ipad-option-normal@2x.png */ = {isa = PBXFileReference; lastKnownFileType = image.png; name = "ipad-option-normal@2x.png"; path = "resources/ipad-option-normal@2x.png"; sourceTree = "<group>"; };
		1A5ABE3517B2496600960D0B /* ipad-option-right-pressing.png */ = {isa = PBXFileReference; lastKnownFileType = image.png; name = "ipad-option-right-pressing.png"; path = "resources/ipad-option-right-pressing.png"; sourceTree = "<group>"; };
		1A5ABE3617B2496600960D0B /* ipad-option-right-pressing@2x.png */ = {isa = PBXFileReference; lastKnownFileType = image.png; name = "ipad-option-right-pressing@2x.png"; path = "resources/ipad-option-right-pressing@2x.png"; sourceTree = "<group>"; };
		1A5ABE3717B2496600960D0B /* ipad-option-right.png */ = {isa = PBXFileReference; lastKnownFileType = image.png; name = "ipad-option-right.png"; path = "resources/ipad-option-right.png"; sourceTree = "<group>"; };
		1A5ABE3817B2496600960D0B /* ipad-option-right@2x.png */ = {isa = PBXFileReference; lastKnownFileType = image.png; name = "ipad-option-right@2x.png"; path = "resources/ipad-option-right@2x.png"; sourceTree = "<group>"; };
		1A5ABE3917B2496600960D0B /* ipad-option-wrong-pressing.png */ = {isa = PBXFileReference; lastKnownFileType = image.png; name = "ipad-option-wrong-pressing.png"; path = "resources/ipad-option-wrong-pressing.png"; sourceTree = "<group>"; };
		1A5ABE3A17B2496600960D0B /* ipad-option-wrong-pressing@2x.png */ = {isa = PBXFileReference; lastKnownFileType = image.png; name = "ipad-option-wrong-pressing@2x.png"; path = "resources/ipad-option-wrong-pressing@2x.png"; sourceTree = "<group>"; };
		1A5ABE3B17B2496600960D0B /* ipad-option-wrong.png */ = {isa = PBXFileReference; lastKnownFileType = image.png; name = "ipad-option-wrong.png"; path = "resources/ipad-option-wrong.png"; sourceTree = "<group>"; };
		1A5ABE3C17B2496600960D0B /* ipad-option-wrong@2x.png */ = {isa = PBXFileReference; lastKnownFileType = image.png; name = "ipad-option-wrong@2x.png"; path = "resources/ipad-option-wrong@2x.png"; sourceTree = "<group>"; };
		1A6648FF1904F0F4008B5644 /* jquery-2.1.0.min.js */ = {isa = PBXFileReference; fileEncoding = 4; lastKnownFileType = sourcecode.javascript; name = "jquery-2.1.0.min.js"; path = "HTML/jquery-2.1.0.min.js"; sourceTree = "<group>"; };
		1A6649031904F2C1008B5644 /* (e).aac */ = {isa = PBXFileReference; lastKnownFileType = file; path = "(e).aac"; sourceTree = "<group>"; };
		1A6649041904F2C1008B5644 /* (i).aac */ = {isa = PBXFileReference; lastKnownFileType = file; path = "(i).aac"; sourceTree = "<group>"; };
		1A6649051904F2C1008B5644 /* a.aac */ = {isa = PBXFileReference; lastKnownFileType = file; path = a.aac; sourceTree = "<group>"; };
		1A6649061904F2C1008B5644 /* chi.aac */ = {isa = PBXFileReference; lastKnownFileType = file; path = chi.aac; sourceTree = "<group>"; };
		1A6649071904F2C1008B5644 /* e.aac */ = {isa = PBXFileReference; lastKnownFileType = file; path = e.aac; sourceTree = "<group>"; };
		1A6649081904F2C1008B5644 /* fu.aac */ = {isa = PBXFileReference; lastKnownFileType = file; path = fu.aac; sourceTree = "<group>"; };
		1A6649091904F2C1008B5644 /* ha.aac */ = {isa = PBXFileReference; lastKnownFileType = file; path = ha.aac; sourceTree = "<group>"; };
		1A66490A1904F2C1008B5644 /* he.aac */ = {isa = PBXFileReference; lastKnownFileType = file; path = he.aac; sourceTree = "<group>"; };
		1A66490B1904F2C1008B5644 /* hi.aac */ = {isa = PBXFileReference; lastKnownFileType = file; path = hi.aac; sourceTree = "<group>"; };
		1A66490C1904F2C1008B5644 /* ho.aac */ = {isa = PBXFileReference; lastKnownFileType = file; path = ho.aac; sourceTree = "<group>"; };
		1A66490D1904F2C1008B5644 /* i.aac */ = {isa = PBXFileReference; lastKnownFileType = file; path = i.aac; sourceTree = "<group>"; };
		1A66490E1904F2C1008B5644 /* ka.aac */ = {isa = PBXFileReference; lastKnownFileType = file; path = ka.aac; sourceTree = "<group>"; };
		1A66490F1904F2C1008B5644 /* ke.aac */ = {isa = PBXFileReference; lastKnownFileType = file; path = ke.aac; sourceTree = "<group>"; };
		1A6649101904F2C1008B5644 /* ki.aac */ = {isa = PBXFileReference; lastKnownFileType = file; path = ki.aac; sourceTree = "<group>"; };
		1A6649111904F2C1008B5644 /* ko.aac */ = {isa = PBXFileReference; lastKnownFileType = file; path = ko.aac; sourceTree = "<group>"; };
		1A6649121904F2C1008B5644 /* ku.aac */ = {isa = PBXFileReference; lastKnownFileType = file; path = ku.aac; sourceTree = "<group>"; };
		1A6649131904F2C1008B5644 /* ma.aac */ = {isa = PBXFileReference; lastKnownFileType = file; path = ma.aac; sourceTree = "<group>"; };
		1A6649141904F2C1008B5644 /* me.aac */ = {isa = PBXFileReference; lastKnownFileType = file; path = me.aac; sourceTree = "<group>"; };
		1A6649151904F2C1008B5644 /* mi.aac */ = {isa = PBXFileReference; lastKnownFileType = file; path = mi.aac; sourceTree = "<group>"; };
		1A6649161904F2C1008B5644 /* mo.aac */ = {isa = PBXFileReference; lastKnownFileType = file; path = mo.aac; sourceTree = "<group>"; };
		1A6649171904F2C1008B5644 /* mu.aac */ = {isa = PBXFileReference; lastKnownFileType = file; path = mu.aac; sourceTree = "<group>"; };
		1A6649181904F2C1008B5644 /* n.aac */ = {isa = PBXFileReference; lastKnownFileType = file; path = n.aac; sourceTree = "<group>"; };
		1A6649191904F2C1008B5644 /* na.aac */ = {isa = PBXFileReference; lastKnownFileType = file; path = na.aac; sourceTree = "<group>"; };
		1A66491A1904F2C1008B5644 /* ne.aac */ = {isa = PBXFileReference; lastKnownFileType = file; path = ne.aac; sourceTree = "<group>"; };
		1A66491B1904F2C1008B5644 /* ni.aac */ = {isa = PBXFileReference; lastKnownFileType = file; path = ni.aac; sourceTree = "<group>"; };
		1A66491C1904F2C1008B5644 /* no.aac */ = {isa = PBXFileReference; lastKnownFileType = file; path = no.aac; sourceTree = "<group>"; };
		1A66491D1904F2C1008B5644 /* nu.aac */ = {isa = PBXFileReference; lastKnownFileType = file; path = nu.aac; sourceTree = "<group>"; };
		1A66491E1904F2C1008B5644 /* o.aac */ = {isa = PBXFileReference; lastKnownFileType = file; path = o.aac; sourceTree = "<group>"; };
		1A66491F1904F2C1008B5644 /* ra.aac */ = {isa = PBXFileReference; lastKnownFileType = file; path = ra.aac; sourceTree = "<group>"; };
		1A6649201904F2C1008B5644 /* re.aac */ = {isa = PBXFileReference; lastKnownFileType = file; path = re.aac; sourceTree = "<group>"; };
		1A6649211904F2C1008B5644 /* ri.aac */ = {isa = PBXFileReference; lastKnownFileType = file; path = ri.aac; sourceTree = "<group>"; };
		1A6649221904F2C1008B5644 /* ro.aac */ = {isa = PBXFileReference; lastKnownFileType = file; path = ro.aac; sourceTree = "<group>"; };
		1A6649231904F2C1008B5644 /* ru.aac */ = {isa = PBXFileReference; lastKnownFileType = file; path = ru.aac; sourceTree = "<group>"; };
		1A6649241904F2C1008B5644 /* sa.aac */ = {isa = PBXFileReference; lastKnownFileType = file; path = sa.aac; sourceTree = "<group>"; };
		1A6649251904F2C1008B5644 /* se.aac */ = {isa = PBXFileReference; lastKnownFileType = file; path = se.aac; sourceTree = "<group>"; };
		1A6649261904F2C1008B5644 /* shi.aac */ = {isa = PBXFileReference; lastKnownFileType = file; path = shi.aac; sourceTree = "<group>"; };
		1A6649271904F2C1008B5644 /* so.aac */ = {isa = PBXFileReference; lastKnownFileType = file; path = so.aac; sourceTree = "<group>"; };
		1A6649281904F2C1008B5644 /* su.aac */ = {isa = PBXFileReference; lastKnownFileType = file; path = su.aac; sourceTree = "<group>"; };
		1A6649291904F2C1008B5644 /* ta.aac */ = {isa = PBXFileReference; lastKnownFileType = file; path = ta.aac; sourceTree = "<group>"; };
		1A66492A1904F2C1008B5644 /* te.aac */ = {isa = PBXFileReference; lastKnownFileType = file; path = te.aac; sourceTree = "<group>"; };
		1A66492B1904F2C1008B5644 /* to.aac */ = {isa = PBXFileReference; lastKnownFileType = file; path = to.aac; sourceTree = "<group>"; };
		1A66492C1904F2C1008B5644 /* tsu.aac */ = {isa = PBXFileReference; lastKnownFileType = file; path = tsu.aac; sourceTree = "<group>"; };
		1A66492D1904F2C1008B5644 /* u.aac */ = {isa = PBXFileReference; lastKnownFileType = file; path = u.aac; sourceTree = "<group>"; };
		1A66492E1904F2C1008B5644 /* wa.aac */ = {isa = PBXFileReference; lastKnownFileType = file; path = wa.aac; sourceTree = "<group>"; };
		1A66492F1904F2C1008B5644 /* wo.aac */ = {isa = PBXFileReference; lastKnownFileType = file; path = wo.aac; sourceTree = "<group>"; };
		1A6649301904F2C1008B5644 /* ya.aac */ = {isa = PBXFileReference; lastKnownFileType = file; path = ya.aac; sourceTree = "<group>"; };
		1A6649311904F2C1008B5644 /* yo.aac */ = {isa = PBXFileReference; lastKnownFileType = file; path = yo.aac; sourceTree = "<group>"; };
		1A6649321904F2C1008B5644 /* yu.aac */ = {isa = PBXFileReference; lastKnownFileType = file; path = yu.aac; sourceTree = "<group>"; };
		1A72658F1700A33900C9A0CB /* Base */ = {isa = PBXFileReference; lastKnownFileType = file.storyboard; name = Base; path = Base.lproj/MainStoryboard.storyboard; sourceTree = "<group>"; };
		1A7265931700B06F00C9A0CB /* NSMutableArray+Shuffling.h */ = {isa = PBXFileReference; fileEncoding = 4; lastKnownFileType = sourcecode.c.h; path = "NSMutableArray+Shuffling.h"; sourceTree = "<group>"; };
		1A7265941700B06F00C9A0CB /* NSMutableArray+Shuffling.m */ = {isa = PBXFileReference; fileEncoding = 4; lastKnownFileType = sourcecode.c.objc; path = "NSMutableArray+Shuffling.m"; sourceTree = "<group>"; };
		1A741942179C2D3F00FCC42E /* ipad-button-decrease-disabled.png */ = {isa = PBXFileReference; lastKnownFileType = image.png; name = "ipad-button-decrease-disabled.png"; path = "resources/ipad-button-decrease-disabled.png"; sourceTree = "<group>"; };
		1A741943179C2D3F00FCC42E /* ipad-button-decrease-disabled@2x.png */ = {isa = PBXFileReference; lastKnownFileType = image.png; name = "ipad-button-decrease-disabled@2x.png"; path = "resources/ipad-button-decrease-disabled@2x.png"; sourceTree = "<group>"; };
		1A741944179C2D3F00FCC42E /* ipad-button-decrease-pressing.png */ = {isa = PBXFileReference; lastKnownFileType = image.png; name = "ipad-button-decrease-pressing.png"; path = "resources/ipad-button-decrease-pressing.png"; sourceTree = "<group>"; };
		1A741945179C2D3F00FCC42E /* ipad-button-decrease-pressing@2x.png */ = {isa = PBXFileReference; lastKnownFileType = image.png; name = "ipad-button-decrease-pressing@2x.png"; path = "resources/ipad-button-decrease-pressing@2x.png"; sourceTree = "<group>"; };
		1A741946179C2D3F00FCC42E /* ipad-button-decrease.png */ = {isa = PBXFileReference; lastKnownFileType = image.png; name = "ipad-button-decrease.png"; path = "resources/ipad-button-decrease.png"; sourceTree = "<group>"; };
		1A741947179C2D3F00FCC42E /* ipad-button-decrease@2x.png */ = {isa = PBXFileReference; lastKnownFileType = image.png; name = "ipad-button-decrease@2x.png"; path = "resources/ipad-button-decrease@2x.png"; sourceTree = "<group>"; };
		1A741948179C2D3F00FCC42E /* ipad-button-increase-disabled.png */ = {isa = PBXFileReference; lastKnownFileType = image.png; name = "ipad-button-increase-disabled.png"; path = "resources/ipad-button-increase-disabled.png"; sourceTree = "<group>"; };
		1A741949179C2D3F00FCC42E /* ipad-button-increase-disabled@2x.png */ = {isa = PBXFileReference; lastKnownFileType = image.png; name = "ipad-button-increase-disabled@2x.png"; path = "resources/ipad-button-increase-disabled@2x.png"; sourceTree = "<group>"; };
		1A74194A179C2D3F00FCC42E /* ipad-button-increase-pressing.png */ = {isa = PBXFileReference; lastKnownFileType = image.png; name = "ipad-button-increase-pressing.png"; path = "resources/ipad-button-increase-pressing.png"; sourceTree = "<group>"; };
		1A74194B179C2D3F00FCC42E /* ipad-button-increase-pressing@2x.png */ = {isa = PBXFileReference; lastKnownFileType = image.png; name = "ipad-button-increase-pressing@2x.png"; path = "resources/ipad-button-increase-pressing@2x.png"; sourceTree = "<group>"; };
		1A74194C179C2D3F00FCC42E /* ipad-button-increase.png */ = {isa = PBXFileReference; lastKnownFileType = image.png; name = "ipad-button-increase.png"; path = "resources/ipad-button-increase.png"; sourceTree = "<group>"; };
		1A74194D179C2D3F00FCC42E /* ipad-button-increase@2x.png */ = {isa = PBXFileReference; lastKnownFileType = image.png; name = "ipad-button-increase@2x.png"; path = "resources/ipad-button-increase@2x.png"; sourceTree = "<group>"; };
		1A74194E179C2D3F00FCC42E /* ipad-label-background.png */ = {isa = PBXFileReference; lastKnownFileType = image.png; name = "ipad-label-background.png"; path = "resources/ipad-label-background.png"; sourceTree = "<group>"; };
		1A74194F179C2D3F00FCC42E /* ipad-label-background@2x.png */ = {isa = PBXFileReference; lastKnownFileType = image.png; name = "ipad-label-background@2x.png"; path = "resources/ipad-label-background@2x.png"; sourceTree = "<group>"; };
		1A741950179C2D3F00FCC42E /* ipad-segment-divider-00.png */ = {isa = PBXFileReference; lastKnownFileType = image.png; name = "ipad-segment-divider-00.png"; path = "resources/ipad-segment-divider-00.png"; sourceTree = "<group>"; };
		1A741951179C2D3F00FCC42E /* ipad-segment-divider-00@2x.png */ = {isa = PBXFileReference; lastKnownFileType = image.png; name = "ipad-segment-divider-00@2x.png"; path = "resources/ipad-segment-divider-00@2x.png"; sourceTree = "<group>"; };
		1A741952179C2D3F00FCC42E /* ipad-segment-divider-01.png */ = {isa = PBXFileReference; lastKnownFileType = image.png; name = "ipad-segment-divider-01.png"; path = "resources/ipad-segment-divider-01.png"; sourceTree = "<group>"; };
		1A741953179C2D3F00FCC42E /* ipad-segment-divider-01@2x.png */ = {isa = PBXFileReference; lastKnownFileType = image.png; name = "ipad-segment-divider-01@2x.png"; path = "resources/ipad-segment-divider-01@2x.png"; sourceTree = "<group>"; };
		1A741954179C2D3F00FCC42E /* ipad-segment-divider-10.png */ = {isa = PBXFileReference; lastKnownFileType = image.png; name = "ipad-segment-divider-10.png"; path = "resources/ipad-segment-divider-10.png"; sourceTree = "<group>"; };
		1A741955179C2D3F00FCC42E /* ipad-segment-divider-10@2x.png */ = {isa = PBXFileReference; lastKnownFileType = image.png; name = "ipad-segment-divider-10@2x.png"; path = "resources/ipad-segment-divider-10@2x.png"; sourceTree = "<group>"; };
		1A741956179C2D3F00FCC42E /* ipad-segment-selected.png */ = {isa = PBXFileReference; lastKnownFileType = image.png; name = "ipad-segment-selected.png"; path = "resources/ipad-segment-selected.png"; sourceTree = "<group>"; };
		1A741957179C2D3F00FCC42E /* ipad-segment-selected@2x.png */ = {isa = PBXFileReference; lastKnownFileType = image.png; name = "ipad-segment-selected@2x.png"; path = "resources/ipad-segment-selected@2x.png"; sourceTree = "<group>"; };
		1A741958179C2D3F00FCC42E /* ipad-segment.png */ = {isa = PBXFileReference; lastKnownFileType = image.png; name = "ipad-segment.png"; path = "resources/ipad-segment.png"; sourceTree = "<group>"; };
		1A741959179C2D3F00FCC42E /* ipad-segment@2x.png */ = {isa = PBXFileReference; lastKnownFileType = image.png; name = "ipad-segment@2x.png"; path = "resources/ipad-segment@2x.png"; sourceTree = "<group>"; };
		1A741973179C2F8A00FCC42E /* UIImage+Device.h */ = {isa = PBXFileReference; fileEncoding = 4; lastKnownFileType = sourcecode.c.h; path = "UIImage+Device.h"; sourceTree = "<group>"; };
		1A741974179C2F8A00FCC42E /* UIImage+Device.m */ = {isa = PBXFileReference; fileEncoding = 4; lastKnownFileType = sourcecode.c.objc; path = "UIImage+Device.m"; sourceTree = "<group>"; };
		1A750327173254BD0071D087 /* chart.html */ = {isa = PBXFileReference; fileEncoding = 4; lastKnownFileType = text.html; name = chart.html; path = HTML/chart.html; sourceTree = "<group>"; };
		1A75035417325BDD0071D087 /* chart.css */ = {isa = PBXFileReference; fileEncoding = 4; lastKnownFileType = text.css; name = chart.css; path = HTML/chart.css; sourceTree = "<group>"; };
		1A7C320016FC990C00F5A71A /* Cryptomeria.app */ = {isa = PBXFileReference; explicitFileType = wrapper.application; includeInIndex = 0; path = Cryptomeria.app; sourceTree = BUILT_PRODUCTS_DIR; };
		1A7C320316FC990C00F5A71A /* UIKit.framework */ = {isa = PBXFileReference; lastKnownFileType = wrapper.framework; name = UIKit.framework; path = System/Library/Frameworks/UIKit.framework; sourceTree = SDKROOT; };
		1A7C320516FC990C00F5A71A /* Foundation.framework */ = {isa = PBXFileReference; lastKnownFileType = wrapper.framework; name = Foundation.framework; path = System/Library/Frameworks/Foundation.framework; sourceTree = SDKROOT; };
		1A7C320716FC990C00F5A71A /* CoreGraphics.framework */ = {isa = PBXFileReference; lastKnownFileType = wrapper.framework; name = CoreGraphics.framework; path = System/Library/Frameworks/CoreGraphics.framework; sourceTree = SDKROOT; };
		1A7C320B16FC990C00F5A71A /* Cryptomeria-Info.plist */ = {isa = PBXFileReference; lastKnownFileType = text.plist.xml; path = "Cryptomeria-Info.plist"; sourceTree = "<group>"; };
		1A7C320D16FC990C00F5A71A /* en */ = {isa = PBXFileReference; lastKnownFileType = text.plist.strings; name = en; path = en.lproj/InfoPlist.strings; sourceTree = "<group>"; };
		1A7C320F16FC990C00F5A71A /* main.m */ = {isa = PBXFileReference; lastKnownFileType = sourcecode.c.objc; path = main.m; sourceTree = "<group>"; };
		1A7C321116FC990C00F5A71A /* Cryptomeria-Prefix.pch */ = {isa = PBXFileReference; lastKnownFileType = sourcecode.c.h; path = "Cryptomeria-Prefix.pch"; sourceTree = "<group>"; };
		1A7C321216FC990C00F5A71A /* CMAppDelegate.h */ = {isa = PBXFileReference; lastKnownFileType = sourcecode.c.h; path = CMAppDelegate.h; sourceTree = "<group>"; };
		1A7C321316FC990C00F5A71A /* CMAppDelegate.m */ = {isa = PBXFileReference; lastKnownFileType = sourcecode.c.objc; path = CMAppDelegate.m; sourceTree = "<group>"; };
		1A7C321E16FC990C00F5A71A /* CMChartViewController.h */ = {isa = PBXFileReference; lastKnownFileType = sourcecode.c.h; path = CMChartViewController.h; sourceTree = "<group>"; };
		1A7C321F16FC990C00F5A71A /* CMChartViewController.m */ = {isa = PBXFileReference; lastKnownFileType = sourcecode.c.objc; path = CMChartViewController.m; sourceTree = "<group>"; };
		1A7C322516FC990C00F5A71A /* CMTestViewController.h */ = {isa = PBXFileReference; lastKnownFileType = sourcecode.c.h; path = CMTestViewController.h; sourceTree = "<group>"; };
		1A7C322616FC990C00F5A71A /* CMTestViewController.m */ = {isa = PBXFileReference; lastKnownFileType = sourcecode.c.objc; path = CMTestViewController.m; sourceTree = "<group>"; };
		1A7C323116FC990D00F5A71A /* CryptomeriaTests.octest */ = {isa = PBXFileReference; explicitFileType = wrapper.cfbundle; includeInIndex = 0; path = CryptomeriaTests.octest; sourceTree = BUILT_PRODUCTS_DIR; };
		1A7C323216FC990D00F5A71A /* SenTestingKit.framework */ = {isa = PBXFileReference; lastKnownFileType = wrapper.framework; name = SenTestingKit.framework; path = Library/Frameworks/SenTestingKit.framework; sourceTree = DEVELOPER_DIR; };
		1A7C323A16FC990D00F5A71A /* CryptomeriaTests-Info.plist */ = {isa = PBXFileReference; lastKnownFileType = text.plist.xml; path = "CryptomeriaTests-Info.plist"; sourceTree = "<group>"; };
		1A7C323C16FC990D00F5A71A /* en */ = {isa = PBXFileReference; lastKnownFileType = text.plist.strings; name = en; path = en.lproj/InfoPlist.strings; sourceTree = "<group>"; };
		1A7C323E16FC990D00F5A71A /* CryptomeriaTests.h */ = {isa = PBXFileReference; lastKnownFileType = sourcecode.c.h; path = CryptomeriaTests.h; sourceTree = "<group>"; };
		1A7C323F16FC990D00F5A71A /* CryptomeriaTests.m */ = {isa = PBXFileReference; lastKnownFileType = sourcecode.c.objc; path = CryptomeriaTests.m; sourceTree = "<group>"; };
		1A7C324916FCA5B200F5A71A /* CMVocabularyViewController.h */ = {isa = PBXFileReference; fileEncoding = 4; lastKnownFileType = sourcecode.c.h; path = CMVocabularyViewController.h; sourceTree = "<group>"; };
		1A7C324A16FCA5B200F5A71A /* CMVocabularyViewController.m */ = {isa = PBXFileReference; fileEncoding = 4; lastKnownFileType = sourcecode.c.objc; path = CMVocabularyViewController.m; sourceTree = "<group>"; };
		1A7C324F16FDB16200F5A71A /* CMChartData.h */ = {isa = PBXFileReference; fileEncoding = 4; lastKnownFileType = sourcecode.c.h; name = CMChartData.h; path = data/CMChartData.h; sourceTree = "<group>"; };
		1A7C325016FDB16200F5A71A /* CMChartData.m */ = {isa = PBXFileReference; fileEncoding = 4; lastKnownFileType = sourcecode.c.objc; name = CMChartData.m; path = data/CMChartData.m; sourceTree = "<group>"; };
		1A7DD08A17B53E23000416E4 /* iOSVersion.h */ = {isa = PBXFileReference; lastKnownFileType = sourcecode.c.h; path = iOSVersion.h; sourceTree = "<group>"; };
		1A95E4F3170534AA00DB0193 /* CMVocabularyData.h */ = {isa = PBXFileReference; fileEncoding = 4; lastKnownFileType = sourcecode.c.h; name = CMVocabularyData.h; path = data/CMVocabularyData.h; sourceTree = "<group>"; };
		1A95E4F4170534AA00DB0193 /* CMVocabularyData.m */ = {isa = PBXFileReference; fileEncoding = 4; lastKnownFileType = sourcecode.c.objc; name = CMVocabularyData.m; path = data/CMVocabularyData.m; sourceTree = "<group>"; };
		1A95E4F61705367B00DB0193 /* vocabulary.json */ = {isa = PBXFileReference; fileEncoding = 4; lastKnownFileType = text.json; name = vocabulary.json; path = data/vocabulary.json; sourceTree = "<group>"; };
		1A95FE3C173F4BC20008DEE5 /* segment.png */ = {isa = PBXFileReference; lastKnownFileType = image.png; name = segment.png; path = resources/segment.png; sourceTree = "<group>"; };
		1A95FE3D173F4BC20008DEE5 /* segment@2x.png */ = {isa = PBXFileReference; lastKnownFileType = image.png; name = "segment@2x.png"; path = "resources/segment@2x.png"; sourceTree = "<group>"; };
		1A9A11D51742260F00CD9972 /* label-background.png */ = {isa = PBXFileReference; lastKnownFileType = image.png; name = "label-background.png"; path = "resources/label-background.png"; sourceTree = "<group>"; };
		1A9A11D61742260F00CD9972 /* label-background@2x.png */ = {isa = PBXFileReference; lastKnownFileType = image.png; name = "label-background@2x.png"; path = "resources/label-background@2x.png"; sourceTree = "<group>"; };
		1A9A11D917422AB300CD9972 /* button-decrease.png */ = {isa = PBXFileReference; lastKnownFileType = image.png; name = "button-decrease.png"; path = "resources/button-decrease.png"; sourceTree = "<group>"; };
		1A9A11DA17422AB300CD9972 /* button-decrease@2x.png */ = {isa = PBXFileReference; lastKnownFileType = image.png; name = "button-decrease@2x.png"; path = "resources/button-decrease@2x.png"; sourceTree = "<group>"; };
		1A9A11DB17422AB300CD9972 /* button-increase.png */ = {isa = PBXFileReference; lastKnownFileType = image.png; name = "button-increase.png"; path = "resources/button-increase.png"; sourceTree = "<group>"; };
		1A9A11DC17422AB300CD9972 /* button-increase@2x.png */ = {isa = PBXFileReference; lastKnownFileType = image.png; name = "button-increase@2x.png"; path = "resources/button-increase@2x.png"; sourceTree = "<group>"; };
		1ACB44B0175A43AE00625341 /* iTunesArtwork */ = {isa = PBXFileReference; lastKnownFileType = file; path = iTunesArtwork; sourceTree = SOURCE_ROOT; };
		1ACB44B1175A43AE00625341 /* iTunesArtwork@2x */ = {isa = PBXFileReference; lastKnownFileType = file; path = "iTunesArtwork@2x"; sourceTree = SOURCE_ROOT; };
		1ADA76A31705DC23007F6190 /* CMVocabularyCell.h */ = {isa = PBXFileReference; fileEncoding = 4; lastKnownFileType = sourcecode.c.h; path = CMVocabularyCell.h; sourceTree = "<group>"; };
		1ADA76A41705DC23007F6190 /* CMVocabularyCell.m */ = {isa = PBXFileReference; fileEncoding = 4; lastKnownFileType = sourcecode.c.objc; path = CMVocabularyCell.m; sourceTree = "<group>"; };
		1AEAB0A81B75CE5A00B5FB40 /* Launch.storyboard */ = {isa = PBXFileReference; fileEncoding = 4; lastKnownFileType = file.storyboard; path = Launch.storyboard; sourceTree = "<group>"; };
		1AFAFC98173E65410057BB82 /* option-normal.png */ = {isa = PBXFileReference; lastKnownFileType = image.png; name = "option-normal.png"; path = "resources/option-normal.png"; sourceTree = "<group>"; };
		1AFAFC99173E65410057BB82 /* option-normal@2x.png */ = {isa = PBXFileReference; lastKnownFileType = image.png; name = "option-normal@2x.png"; path = "resources/option-normal@2x.png"; sourceTree = "<group>"; };
		1AFAFC9A173E65410057BB82 /* option-right.png */ = {isa = PBXFileReference; lastKnownFileType = image.png; name = "option-right.png"; path = "resources/option-right.png"; sourceTree = "<group>"; };
		1AFAFC9B173E65410057BB82 /* option-right@2x.png */ = {isa = PBXFileReference; lastKnownFileType = image.png; name = "option-right@2x.png"; path = "resources/option-right@2x.png"; sourceTree = "<group>"; };
		1AFAFCA0173E68020057BB82 /* option-wrong.png */ = {isa = PBXFileReference; lastKnownFileType = image.png; name = "option-wrong.png"; path = "resources/option-wrong.png"; sourceTree = "<group>"; };
		1AFAFCA1173E68020057BB82 /* option-wrong@2x.png */ = {isa = PBXFileReference; lastKnownFileType = image.png; name = "option-wrong@2x.png"; path = "resources/option-wrong@2x.png"; sourceTree = "<group>"; };
		1AFAFCA7173E96210057BB82 /* UIButton+AttributedString.h */ = {isa = PBXFileReference; fileEncoding = 4; lastKnownFileType = sourcecode.c.h; path = "UIButton+AttributedString.h"; sourceTree = "<group>"; };
		1AFAFCA8173E96210057BB82 /* UIButton+AttributedString.m */ = {isa = PBXFileReference; fileEncoding = 4; lastKnownFileType = sourcecode.c.objc; path = "UIButton+AttributedString.m"; sourceTree = "<group>"; };
/* End PBXFileReference section */

/* Begin PBXFrameworksBuildPhase section */
		1A7C31FD16FC990C00F5A71A /* Frameworks */ = {
			isa = PBXFrameworksBuildPhase;
			buildActionMask = 2147483647;
			files = (
				1A7C320416FC990C00F5A71A /* UIKit.framework in Frameworks */,
				1A7C320616FC990C00F5A71A /* Foundation.framework in Frameworks */,
				1A7C320816FC990C00F5A71A /* CoreGraphics.framework in Frameworks */,
			);
			runOnlyForDeploymentPostprocessing = 0;
		};
		1A7C322D16FC990D00F5A71A /* Frameworks */ = {
			isa = PBXFrameworksBuildPhase;
			buildActionMask = 2147483647;
			files = (
				1A7C323316FC990D00F5A71A /* SenTestingKit.framework in Frameworks */,
				1A7C323416FC990D00F5A71A /* UIKit.framework in Frameworks */,
				1A7C323516FC990D00F5A71A /* Foundation.framework in Frameworks */,
			);
			runOnlyForDeploymentPostprocessing = 0;
		};
/* End PBXFrameworksBuildPhase section */

/* Begin PBXGroup section */
		1A3CBB18174C9CF80012A9FF /* Icons */ = {
			isa = PBXGroup;
			children = (
				1A3CBB53174CCA2B0012A9FF /* icon-chart-highlight.png */,
				1A3CBB54174CCA2B0012A9FF /* icon-chart-highlight@2x.png */,
				1A3CBB55174CCA2B0012A9FF /* icon-chart.png */,
				1A3CBB56174CCA2B0012A9FF /* icon-chart@2x.png */,
				1A3CBB57174CCA2B0012A9FF /* icon-test-highlight.png */,
				1A3CBB58174CCA2B0012A9FF /* icon-test-highlight@2x.png */,
				1A3CBB59174CCA2B0012A9FF /* icon-test.png */,
				1A3CBB5A174CCA2B0012A9FF /* icon-test@2x.png */,
			);
			name = Icons;
			sourceTree = "<group>";
		};
		1A3CBB19174C9CFD0012A9FF /* Options */ = {
			isa = PBXGroup;
			children = (
				1AFAFC98173E65410057BB82 /* option-normal.png */,
				1AFAFC99173E65410057BB82 /* option-normal@2x.png */,
				1A2CBB6A1748C9C70037E20D /* option-normal-pressing.png */,
				1A2CBB6B1748C9C70037E20D /* option-normal-pressing@2x.png */,
				1AFAFC9A173E65410057BB82 /* option-right.png */,
				1AFAFC9B173E65410057BB82 /* option-right@2x.png */,
				1A2CBB6E1748D2430037E20D /* option-right-pressing.png */,
				1A2CBB6F1748D2430037E20D /* option-right-pressing@2x.png */,
				1AFAFCA0173E68020057BB82 /* option-wrong.png */,
				1AFAFCA1173E68020057BB82 /* option-wrong@2x.png */,
				1A2CBB701748D2430037E20D /* option-wrong-pressing.png */,
				1A2CBB711748D2430037E20D /* option-wrong-pressing@2x.png */,
			);
			name = Options;
			sourceTree = "<group>";
		};
		1A3CBB3E174CB1270012A9FF /* TabBar */ = {
			isa = PBXGroup;
			children = (
				1A0B9FCF17B520CF0054E6AB /* ipad-tabbar-selected.png */,
				1A0B9FD017B520CF0054E6AB /* ipad-tabbar-selected@2x.png */,
				1A3CBB38174CB1220012A9FF /* tabbar.png */,
				1A3CBB39174CB1220012A9FF /* tabbar@2x.png */,
				1A3CBB36174CB1220012A9FF /* tabbar-selected.png */,
				1A3CBB37174CB1220012A9FF /* tabbar-selected@2x.png */,
			);
			name = TabBar;
			sourceTree = "<group>";
		};
		1A3CBB3F174CB1300012A9FF /* Controls */ = {
			isa = PBXGroup;
			children = (
				1A9A11D917422AB300CD9972 /* button-decrease.png */,
				1A9A11DA17422AB300CD9972 /* button-decrease@2x.png */,
				1A3CBB04174C98960012A9FF /* button-decrease-disabled.png */,
				1A3CBB05174C98960012A9FF /* button-decrease-disabled@2x.png */,
				1A3CBB06174C98960012A9FF /* button-decrease-pressing.png */,
				1A3CBB07174C98960012A9FF /* button-decrease-pressing@2x.png */,
				1A9A11DB17422AB300CD9972 /* button-increase.png */,
				1A9A11DC17422AB300CD9972 /* button-increase@2x.png */,
				1A3CBB08174C98960012A9FF /* button-increase-disabled.png */,
				1A3CBB09174C98960012A9FF /* button-increase-disabled@2x.png */,
				1A3CBB0A174C98960012A9FF /* button-increase-pressing.png */,
				1A3CBB0B174C98960012A9FF /* button-increase-pressing@2x.png */,
				1A9A11D51742260F00CD9972 /* label-background.png */,
				1A9A11D61742260F00CD9972 /* label-background@2x.png */,
				1A95FE3C173F4BC20008DEE5 /* segment.png */,
				1A95FE3D173F4BC20008DEE5 /* segment@2x.png */,
				1A3CBB2A174C9D370012A9FF /* segment-selected.png */,
				1A3CBB2B174C9D370012A9FF /* segment-selected@2x.png */,
				1A3CBB1A174C9D180012A9FF /* segment-divider-00.png */,
				1A3CBB1B174C9D180012A9FF /* segment-divider-00@2x.png */,
				1A3CBB1C174C9D180012A9FF /* segment-divider-01.png */,
				1A3CBB1D174C9D180012A9FF /* segment-divider-01@2x.png */,
				1A3CBB1E174C9D180012A9FF /* segment-divider-10.png */,
				1A3CBB1F174C9D180012A9FF /* segment-divider-10@2x.png */,
			);
			name = Controls;
			sourceTree = "<group>";
		};
		1A5ABE4917B2496B00960D0B /* Options (iPad) */ = {
			isa = PBXGroup;
			children = (
				1A5ABE3117B2496600960D0B /* ipad-option-normal-pressing.png */,
				1A5ABE3217B2496600960D0B /* ipad-option-normal-pressing@2x.png */,
				1A5ABE3317B2496600960D0B /* ipad-option-normal.png */,
				1A5ABE3417B2496600960D0B /* ipad-option-normal@2x.png */,
				1A5ABE3517B2496600960D0B /* ipad-option-right-pressing.png */,
				1A5ABE3617B2496600960D0B /* ipad-option-right-pressing@2x.png */,
				1A5ABE3717B2496600960D0B /* ipad-option-right.png */,
				1A5ABE3817B2496600960D0B /* ipad-option-right@2x.png */,
				1A5ABE3917B2496600960D0B /* ipad-option-wrong-pressing.png */,
				1A5ABE3A17B2496600960D0B /* ipad-option-wrong-pressing@2x.png */,
				1A5ABE3B17B2496600960D0B /* ipad-option-wrong.png */,
				1A5ABE3C17B2496600960D0B /* ipad-option-wrong@2x.png */,
			);
			name = "Options (iPad)";
			sourceTree = "<group>";
		};
		1A6649021904F2C1008B5644 /* Sounds */ = {
			isa = PBXGroup;
			children = (
				1A6649031904F2C1008B5644 /* (e).aac */,
				1A6649041904F2C1008B5644 /* (i).aac */,
				1A6649051904F2C1008B5644 /* a.aac */,
				1A6649061904F2C1008B5644 /* chi.aac */,
				1A6649071904F2C1008B5644 /* e.aac */,
				1A6649081904F2C1008B5644 /* fu.aac */,
				1A6649091904F2C1008B5644 /* ha.aac */,
				1A66490A1904F2C1008B5644 /* he.aac */,
				1A66490B1904F2C1008B5644 /* hi.aac */,
				1A66490C1904F2C1008B5644 /* ho.aac */,
				1A66490D1904F2C1008B5644 /* i.aac */,
				1A66490E1904F2C1008B5644 /* ka.aac */,
				1A66490F1904F2C1008B5644 /* ke.aac */,
				1A6649101904F2C1008B5644 /* ki.aac */,
				1A6649111904F2C1008B5644 /* ko.aac */,
				1A6649121904F2C1008B5644 /* ku.aac */,
				1A6649131904F2C1008B5644 /* ma.aac */,
				1A6649141904F2C1008B5644 /* me.aac */,
				1A6649151904F2C1008B5644 /* mi.aac */,
				1A6649161904F2C1008B5644 /* mo.aac */,
				1A6649171904F2C1008B5644 /* mu.aac */,
				1A6649181904F2C1008B5644 /* n.aac */,
				1A6649191904F2C1008B5644 /* na.aac */,
				1A66491A1904F2C1008B5644 /* ne.aac */,
				1A66491B1904F2C1008B5644 /* ni.aac */,
				1A66491C1904F2C1008B5644 /* no.aac */,
				1A66491D1904F2C1008B5644 /* nu.aac */,
				1A66491E1904F2C1008B5644 /* o.aac */,
				1A66491F1904F2C1008B5644 /* ra.aac */,
				1A6649201904F2C1008B5644 /* re.aac */,
				1A6649211904F2C1008B5644 /* ri.aac */,
				1A6649221904F2C1008B5644 /* ro.aac */,
				1A6649231904F2C1008B5644 /* ru.aac */,
				1A6649241904F2C1008B5644 /* sa.aac */,
				1A6649251904F2C1008B5644 /* se.aac */,
				1A6649261904F2C1008B5644 /* shi.aac */,
				1A6649271904F2C1008B5644 /* so.aac */,
				1A6649281904F2C1008B5644 /* su.aac */,
				1A6649291904F2C1008B5644 /* ta.aac */,
				1A66492A1904F2C1008B5644 /* te.aac */,
				1A66492B1904F2C1008B5644 /* to.aac */,
				1A66492C1904F2C1008B5644 /* tsu.aac */,
				1A66492D1904F2C1008B5644 /* u.aac */,
				1A66492E1904F2C1008B5644 /* wa.aac */,
				1A66492F1904F2C1008B5644 /* wo.aac */,
				1A6649301904F2C1008B5644 /* ya.aac */,
				1A6649311904F2C1008B5644 /* yo.aac */,
				1A6649321904F2C1008B5644 /* yu.aac */,
			);
			name = Sounds;
			path = resources/sounds;
			sourceTree = "<group>";
		};
		1A67CFFF174E74180032BF9D /* iTunes Artwork */ = {
			isa = PBXGroup;
			children = (
				1ACB44B0175A43AE00625341 /* iTunesArtwork */,
				1ACB44B1175A43AE00625341 /* iTunesArtwork@2x */,
			);
			name = "iTunes Artwork";
			sourceTree = "<group>";
		};
		1A741972179C2D4300FCC42E /* Controls (iPad) */ = {
			isa = PBXGroup;
			children = (
				1A741942179C2D3F00FCC42E /* ipad-button-decrease-disabled.png */,
				1A741943179C2D3F00FCC42E /* ipad-button-decrease-disabled@2x.png */,
				1A741944179C2D3F00FCC42E /* ipad-button-decrease-pressing.png */,
				1A741945179C2D3F00FCC42E /* ipad-button-decrease-pressing@2x.png */,
				1A741946179C2D3F00FCC42E /* ipad-button-decrease.png */,
				1A741947179C2D3F00FCC42E /* ipad-button-decrease@2x.png */,
				1A741948179C2D3F00FCC42E /* ipad-button-increase-disabled.png */,
				1A741949179C2D3F00FCC42E /* ipad-button-increase-disabled@2x.png */,
				1A74194A179C2D3F00FCC42E /* ipad-button-increase-pressing.png */,
				1A74194B179C2D3F00FCC42E /* ipad-button-increase-pressing@2x.png */,
				1A74194C179C2D3F00FCC42E /* ipad-button-increase.png */,
				1A74194D179C2D3F00FCC42E /* ipad-button-increase@2x.png */,
				1A74194E179C2D3F00FCC42E /* ipad-label-background.png */,
				1A74194F179C2D3F00FCC42E /* ipad-label-background@2x.png */,
				1A741950179C2D3F00FCC42E /* ipad-segment-divider-00.png */,
				1A741951179C2D3F00FCC42E /* ipad-segment-divider-00@2x.png */,
				1A741952179C2D3F00FCC42E /* ipad-segment-divider-01.png */,
				1A741953179C2D3F00FCC42E /* ipad-segment-divider-01@2x.png */,
				1A741954179C2D3F00FCC42E /* ipad-segment-divider-10.png */,
				1A741955179C2D3F00FCC42E /* ipad-segment-divider-10@2x.png */,
				1A741956179C2D3F00FCC42E /* ipad-segment-selected.png */,
				1A741957179C2D3F00FCC42E /* ipad-segment-selected@2x.png */,
				1A741958179C2D3F00FCC42E /* ipad-segment.png */,
				1A741959179C2D3F00FCC42E /* ipad-segment@2x.png */,
			);
			name = "Controls (iPad)";
			sourceTree = "<group>";
		};
		1A750353173257820071D087 /* HTML */ = {
			isa = PBXGroup;
			children = (
				1A750327173254BD0071D087 /* chart.html */,
				1A75035417325BDD0071D087 /* chart.css */,
				1A6648FF1904F0F4008B5644 /* jquery-2.1.0.min.js */,
			);
			name = HTML;
			sourceTree = "<group>";
		};
		1A7C31F716FC990C00F5A71A = {
			isa = PBXGroup;
			children = (
				1A7C320916FC990C00F5A71A /* Cryptomeria */,
				1A7C325316FDC76900F5A71A /* Resources */,
				1A7C323816FC990D00F5A71A /* CryptomeriaTests */,
				1A7C320216FC990C00F5A71A /* Frameworks */,
				1A7C320116FC990C00F5A71A /* Products */,
			);
			sourceTree = "<group>";
		};
		1A7C320116FC990C00F5A71A /* Products */ = {
			isa = PBXGroup;
			children = (
				1A7C320016FC990C00F5A71A /* Cryptomeria.app */,
				1A7C323116FC990D00F5A71A /* CryptomeriaTests.octest */,
			);
			name = Products;
			sourceTree = "<group>";
		};
		1A7C320216FC990C00F5A71A /* Frameworks */ = {
			isa = PBXGroup;
			children = (
				1A7C320316FC990C00F5A71A /* UIKit.framework */,
				1A7C320516FC990C00F5A71A /* Foundation.framework */,
				1A7C320716FC990C00F5A71A /* CoreGraphics.framework */,
				1A7C323216FC990D00F5A71A /* SenTestingKit.framework */,
			);
			name = Frameworks;
			sourceTree = "<group>";
		};
		1A7C320916FC990C00F5A71A /* Cryptomeria */ = {
			isa = PBXGroup;
			children = (
				1A7C324E16FDB0B000F5A71A /* Data */,
				1A7C325216FDC75100F5A71A /* Chart */,
				1AD2A89716FEF383004137FE /* Test */,
				1AD2A89616FEF375004137FE /* Vocabulary */,
				1A7DD08B17B53E36000416E4 /* Helpers */,
				1A7C321216FC990C00F5A71A /* CMAppDelegate.h */,
				1A7C321316FC990C00F5A71A /* CMAppDelegate.m */,
				1A3CBB48174CC0950012A9FF /* CMTabBarController.h */,
				1A3CBB49174CC0950012A9FF /* CMTabBarController.m */,
				1A7C321B16FC990C00F5A71A /* MainStoryboard.storyboard */,
				1AEAB0A81B75CE5A00B5FB40 /* Launch.storyboard */,
				1A7C320A16FC990C00F5A71A /* Supporting Files */,
			);
			path = Cryptomeria;
			sourceTree = "<group>";
		};
		1A7C320A16FC990C00F5A71A /* Supporting Files */ = {
			isa = PBXGroup;
			children = (
				1A7C320B16FC990C00F5A71A /* Cryptomeria-Info.plist */,
				1A7C320C16FC990C00F5A71A /* InfoPlist.strings */,
				1A7C320F16FC990C00F5A71A /* main.m */,
				1A7C321116FC990C00F5A71A /* Cryptomeria-Prefix.pch */,
			);
			name = "Supporting Files";
			sourceTree = "<group>";
		};
		1A7C323816FC990D00F5A71A /* CryptomeriaTests */ = {
			isa = PBXGroup;
			children = (
				1A7C323E16FC990D00F5A71A /* CryptomeriaTests.h */,
				1A7C323F16FC990D00F5A71A /* CryptomeriaTests.m */,
				1A7C323916FC990D00F5A71A /* Supporting Files */,
			);
			path = CryptomeriaTests;
			sourceTree = "<group>";
		};
		1A7C323916FC990D00F5A71A /* Supporting Files */ = {
			isa = PBXGroup;
			children = (
				1A7C323A16FC990D00F5A71A /* CryptomeriaTests-Info.plist */,
				1A7C323B16FC990D00F5A71A /* InfoPlist.strings */,
			);
			name = "Supporting Files";
			sourceTree = "<group>";
		};
		1A7C324E16FDB0B000F5A71A /* Data */ = {
			isa = PBXGroup;
			children = (
				1A7C324F16FDB16200F5A71A /* CMChartData.h */,
				1A7C325016FDB16200F5A71A /* CMChartData.m */,
				1A95E4F3170534AA00DB0193 /* CMVocabularyData.h */,
				1A95E4F4170534AA00DB0193 /* CMVocabularyData.m */,
				1A95E4F61705367B00DB0193 /* vocabulary.json */,
				1A5980E31703E25300A7F34B /* NSArray+Flatten.h */,
				1A5980E41703E25300A7F34B /* NSArray+Flatten.m */,
			);
			name = Data;
			sourceTree = "<group>";
		};
		1A7C325216FDC75100F5A71A /* Chart */ = {
			isa = PBXGroup;
			children = (
				1A750353173257820071D087 /* HTML */,
				1A7C321E16FC990C00F5A71A /* CMChartViewController.h */,
				1A7C321F16FC990C00F5A71A /* CMChartViewController.m */,
			);
			name = Chart;
			sourceTree = "<group>";
		};
		1A7C325316FDC76900F5A71A /* Resources */ = {
			isa = PBXGroup;
			children = (
				1A42954E187AA7F5004FCCCD /* Images.xcassets */,
				1A67CFFF174E74180032BF9D /* iTunes Artwork */,
				1A3CBB3F174CB1300012A9FF /* Controls */,
				1A741972179C2D4300FCC42E /* Controls (iPad) */,
				1A3CBB3E174CB1270012A9FF /* TabBar */,
				1A3CBB19174C9CFD0012A9FF /* Options */,
				1A5ABE4917B2496B00960D0B /* Options (iPad) */,
				1A3CBB18174C9CF80012A9FF /* Icons */,
				1A6649021904F2C1008B5644 /* Sounds */,
			);
			name = Resources;
			path = Cryptomeria;
			sourceTree = "<group>";
		};
		1A7DD08B17B53E36000416E4 /* Helpers */ = {
			isa = PBXGroup;
			children = (
				1A741973179C2F8A00FCC42E /* UIImage+Device.h */,
				1A741974179C2F8A00FCC42E /* UIImage+Device.m */,
				1A7DD08A17B53E23000416E4 /* iOSVersion.h */,
			);
			name = Helpers;
			sourceTree = "<group>";
		};
		1AD2A89616FEF375004137FE /* Vocabulary */ = {
			isa = PBXGroup;
			children = (
				1ADA76A31705DC23007F6190 /* CMVocabularyCell.h */,
				1ADA76A41705DC23007F6190 /* CMVocabularyCell.m */,
				1A7C324916FCA5B200F5A71A /* CMVocabularyViewController.h */,
				1A7C324A16FCA5B200F5A71A /* CMVocabularyViewController.m */,
			);
			name = Vocabulary;
			sourceTree = "<group>";
		};
		1AD2A89716FEF383004137FE /* Test */ = {
			isa = PBXGroup;
			children = (
				1A7265931700B06F00C9A0CB /* NSMutableArray+Shuffling.h */,
				1A7265941700B06F00C9A0CB /* NSMutableArray+Shuffling.m */,
				1AFAFCA7173E96210057BB82 /* UIButton+AttributedString.h */,
				1AFAFCA8173E96210057BB82 /* UIButton+AttributedString.m */,
				1A7C322516FC990C00F5A71A /* CMTestViewController.h */,
				1A7C322616FC990C00F5A71A /* CMTestViewController.m */,
			);
			name = Test;
			sourceTree = "<group>";
		};
/* End PBXGroup section */

/* Begin PBXNativeTarget section */
		1A7C31FF16FC990C00F5A71A /* Cryptomeria */ = {
			isa = PBXNativeTarget;
			buildConfigurationList = 1A7C324316FC990D00F5A71A /* Build configuration list for PBXNativeTarget "Cryptomeria" */;
			buildPhases = (
				1A7C31FC16FC990C00F5A71A /* Sources */,
				1A7C31FD16FC990C00F5A71A /* Frameworks */,
				1A7C31FE16FC990C00F5A71A /* Resources */,
			);
			buildRules = (
			);
			dependencies = (
			);
			name = Cryptomeria;
			productName = Cryptomeria;
			productReference = 1A7C320016FC990C00F5A71A /* Cryptomeria.app */;
			productType = "com.apple.product-type.application";
		};
		1A7C323016FC990D00F5A71A /* CryptomeriaTests */ = {
			isa = PBXNativeTarget;
			buildConfigurationList = 1A7C324616FC990D00F5A71A /* Build configuration list for PBXNativeTarget "CryptomeriaTests" */;
			buildPhases = (
				1A7C322C16FC990D00F5A71A /* Sources */,
				1A7C322D16FC990D00F5A71A /* Frameworks */,
				1A7C322E16FC990D00F5A71A /* Resources */,
				1A7C322F16FC990D00F5A71A /* ShellScript */,
			);
			buildRules = (
			);
			dependencies = (
				1A7C323716FC990D00F5A71A /* PBXTargetDependency */,
			);
			name = CryptomeriaTests;
			productName = CryptomeriaTests;
			productReference = 1A7C323116FC990D00F5A71A /* CryptomeriaTests.octest */;
			productType = "com.apple.product-type.bundle.ocunit-test";
		};
/* End PBXNativeTarget section */

/* Begin PBXProject section */
		1A7C31F816FC990C00F5A71A /* Project object */ = {
			isa = PBXProject;
			attributes = {
				CLASSPREFIX = CM;
				LastUpgradeCheck = 0700;
				ORGANIZATIONNAME = Xhacker;
				TargetAttributes = {
					1A7C31FF16FC990C00F5A71A = {
						DevelopmentTeam = 7676B49VAW;
					};
				};
			};
			buildConfigurationList = 1A7C31FB16FC990C00F5A71A /* Build configuration list for PBXProject "Cryptomeria" */;
			compatibilityVersion = "Xcode 3.2";
			developmentRegion = English;
			hasScannedForEncodings = 0;
			knownRegions = (
				en,
				Base,
			);
			mainGroup = 1A7C31F716FC990C00F5A71A;
			productRefGroup = 1A7C320116FC990C00F5A71A /* Products */;
			projectDirPath = "";
			projectRoot = "";
			targets = (
				1A7C31FF16FC990C00F5A71A /* Cryptomeria */,
				1A7C323016FC990D00F5A71A /* CryptomeriaTests */,
			);
		};
/* End PBXProject section */

/* Begin PBXResourcesBuildPhase section */
		1A7C31FE16FC990C00F5A71A /* Resources */ = {
			isa = PBXResourcesBuildPhase;
			buildActionMask = 2147483647;
			files = (
				1A66493D1904F2C1008B5644 /* i.aac in Resources */,
				1A66493B1904F2C1008B5644 /* hi.aac in Resources */,
				1A66495A1904F2C1008B5644 /* te.aac in Resources */,
				1A6649351904F2C1008B5644 /* a.aac in Resources */,
				1ADA76A61705E019007F6190 /* MainStoryboard.storyboard in Resources */,
				1A66493F1904F2C1008B5644 /* ke.aac in Resources */,
				1A7C320E16FC990C00F5A71A /* InfoPlist.strings in Resources */,
				1A95E4F71705367B00DB0193 /* vocabulary.json in Resources */,
				1A750328173254BD0071D087 /* chart.html in Resources */,
				1A75035517325BDD0071D087 /* chart.css in Resources */,
				1A6649011904F18B008B5644 /* jquery-2.1.0.min.js in Resources */,
				1AFAFC9C173E65410057BB82 /* option-normal.png in Resources */,
				1A6649431904F2C1008B5644 /* ma.aac in Resources */,
				1AFAFC9D173E65410057BB82 /* option-normal@2x.png in Resources */,
				1AFAFC9E173E65410057BB82 /* option-right.png in Resources */,
				1AFAFC9F173E65410057BB82 /* option-right@2x.png in Resources */,
				1A6649401904F2C1008B5644 /* ki.aac in Resources */,
				1AFAFCA2173E68020057BB82 /* option-wrong.png in Resources */,
				1AFAFCA3173E68020057BB82 /* option-wrong@2x.png in Resources */,
				1A95FE3E173F4BC20008DEE5 /* segment.png in Resources */,
				1A95FE3F173F4BC20008DEE5 /* segment@2x.png in Resources */,
				1A66494D1904F2C1008B5644 /* nu.aac in Resources */,
				1A9A11D71742260F00CD9972 /* label-background.png in Resources */,
				1A6649411904F2C1008B5644 /* ko.aac in Resources */,
				1A9A11D81742260F00CD9972 /* label-background@2x.png in Resources */,
				1A9A11DD17422AB300CD9972 /* button-decrease.png in Resources */,
				1A6649461904F2C1008B5644 /* mo.aac in Resources */,
				1A6649571904F2C1008B5644 /* so.aac in Resources */,
				1A6649471904F2C1008B5644 /* mu.aac in Resources */,
				1A9A11DE17422AB300CD9972 /* button-decrease@2x.png in Resources */,
				1A9A11DF17422AB300CD9972 /* button-increase.png in Resources */,
				1A9A11E017422AB300CD9972 /* button-increase@2x.png in Resources */,
				1A6649371904F2C1008B5644 /* e.aac in Resources */,
				1A2CBB6C1748C9C70037E20D /* option-normal-pressing.png in Resources */,
				1A2CBB6D1748C9C70037E20D /* option-normal-pressing@2x.png in Resources */,
				1A2CBB721748D2430037E20D /* option-right-pressing.png in Resources */,
				1A2CBB731748D2430037E20D /* option-right-pressing@2x.png in Resources */,
				1A2CBB741748D2430037E20D /* option-wrong-pressing.png in Resources */,
				1A2CBB751748D2430037E20D /* option-wrong-pressing@2x.png in Resources */,
				1A66495B1904F2C1008B5644 /* to.aac in Resources */,
				1A3CBB0C174C98960012A9FF /* button-decrease-disabled.png in Resources */,
				1A3CBB0D174C98960012A9FF /* button-decrease-disabled@2x.png in Resources */,
				1A6649491904F2C1008B5644 /* na.aac in Resources */,
				1A3CBB0E174C98960012A9FF /* button-decrease-pressing.png in Resources */,
				1A6649601904F2C1008B5644 /* ya.aac in Resources */,
				1A3CBB0F174C98960012A9FF /* button-decrease-pressing@2x.png in Resources */,
				1A3CBB10174C98960012A9FF /* button-increase-disabled.png in Resources */,
				1A6649501904F2C1008B5644 /* re.aac in Resources */,
				1A6649381904F2C1008B5644 /* fu.aac in Resources */,
				1A3CBB11174C98960012A9FF /* button-increase-disabled@2x.png in Resources */,
				1A66494B1904F2C1008B5644 /* ni.aac in Resources */,
				1A3CBB12174C98960012A9FF /* button-increase-pressing.png in Resources */,
				1A3CBB13174C98960012A9FF /* button-increase-pressing@2x.png in Resources */,
				1A3CBB22174C9D180012A9FF /* segment-divider-00.png in Resources */,
				1A3CBB23174C9D180012A9FF /* segment-divider-00@2x.png in Resources */,
				1A3CBB24174C9D180012A9FF /* segment-divider-01.png in Resources */,
				1A6649391904F2C1008B5644 /* ha.aac in Resources */,
				1A3CBB25174C9D180012A9FF /* segment-divider-01@2x.png in Resources */,
				1A3CBB26174C9D180012A9FF /* segment-divider-10.png in Resources */,
				1A66494E1904F2C1008B5644 /* o.aac in Resources */,
				1A3CBB27174C9D180012A9FF /* segment-divider-10@2x.png in Resources */,
				1A6649521904F2C1008B5644 /* ro.aac in Resources */,
				1A6649361904F2C1008B5644 /* chi.aac in Resources */,
				1A3CBB2C174C9D370012A9FF /* segment-selected.png in Resources */,
				1A3CBB2D174C9D370012A9FF /* segment-selected@2x.png in Resources */,
				1A66495E1904F2C1008B5644 /* wa.aac in Resources */,
				1A66494F1904F2C1008B5644 /* ra.aac in Resources */,
				1A3CBB3A174CB1230012A9FF /* tabbar-selected.png in Resources */,
				1A6649451904F2C1008B5644 /* mi.aac in Resources */,
				1A6649541904F2C1008B5644 /* sa.aac in Resources */,
				1A3CBB3B174CB1230012A9FF /* tabbar-selected@2x.png in Resources */,
				1A66495D1904F2C1008B5644 /* u.aac in Resources */,
				1A3CBB3C174CB1230012A9FF /* tabbar.png in Resources */,
				1A3CBB3D174CB1230012A9FF /* tabbar@2x.png in Resources */,
				1A3CBB5B174CCA2B0012A9FF /* icon-chart-highlight.png in Resources */,
				1A3CBB5C174CCA2B0012A9FF /* icon-chart-highlight@2x.png in Resources */,
				1A3CBB5D174CCA2B0012A9FF /* icon-chart.png in Resources */,
				1A6649551904F2C1008B5644 /* se.aac in Resources */,
				1A3CBB5E174CCA2B0012A9FF /* icon-chart@2x.png in Resources */,
				1A3CBB5F174CCA2B0012A9FF /* icon-test-highlight.png in Resources */,
				1A3CBB60174CCA2B0012A9FF /* icon-test-highlight@2x.png in Resources */,
				1A66495F1904F2C1008B5644 /* wo.aac in Resources */,
				1A3CBB61174CCA2B0012A9FF /* icon-test.png in Resources */,
				1AEAB0A91B75CE5A00B5FB40 /* Launch.storyboard in Resources */,
				1A66494C1904F2C1008B5644 /* no.aac in Resources */,
				1A3CBB62174CCA2B0012A9FF /* icon-test@2x.png in Resources */,
				1ACB44B2175A43AE00625341 /* iTunesArtwork in Resources */,
				1ACB44B3175A43AE00625341 /* iTunesArtwork@2x in Resources */,
				1A74195A179C2D3F00FCC42E /* ipad-button-decrease-disabled.png in Resources */,
				1A6649581904F2C1008B5644 /* su.aac in Resources */,
				1A74195B179C2D3F00FCC42E /* ipad-button-decrease-disabled@2x.png in Resources */,
				1A74195C179C2D3F00FCC42E /* ipad-button-decrease-pressing.png in Resources */,
				1A74195D179C2D3F00FCC42E /* ipad-button-decrease-pressing@2x.png in Resources */,
				1A74195E179C2D3F00FCC42E /* ipad-button-decrease.png in Resources */,
				1A74195F179C2D3F00FCC42E /* ipad-button-decrease@2x.png in Resources */,
				1A6649421904F2C1008B5644 /* ku.aac in Resources */,
				1A741960179C2D3F00FCC42E /* ipad-button-increase-disabled.png in Resources */,
				1A741961179C2D3F00FCC42E /* ipad-button-increase-disabled@2x.png in Resources */,
				1A6649511904F2C1008B5644 /* ri.aac in Resources */,
				1A741962179C2D3F00FCC42E /* ipad-button-increase-pressing.png in Resources */,
				1A741963179C2D3F00FCC42E /* ipad-button-increase-pressing@2x.png in Resources */,
				1A741964179C2D3F00FCC42E /* ipad-button-increase.png in Resources */,
				1A741965179C2D3F00FCC42E /* ipad-button-increase@2x.png in Resources */,
				1A741966179C2D3F00FCC42E /* ipad-label-background.png in Resources */,
				1A6649611904F2C1008B5644 /* yo.aac in Resources */,
				1A741967179C2D3F00FCC42E /* ipad-label-background@2x.png in Resources */,
				1A741968179C2D3F00FCC42E /* ipad-segment-divider-00.png in Resources */,
				1A741969179C2D3F00FCC42E /* ipad-segment-divider-00@2x.png in Resources */,
				1A66493A1904F2C1008B5644 /* he.aac in Resources */,
				1A74196A179C2D3F00FCC42E /* ipad-segment-divider-01.png in Resources */,
				1A6649481904F2C1008B5644 /* n.aac in Resources */,
				1A6649441904F2C1008B5644 /* me.aac in Resources */,
				1A74196B179C2D3F00FCC42E /* ipad-segment-divider-01@2x.png in Resources */,
				1A42954F187AA7F5004FCCCD /* Images.xcassets in Resources */,
				1A74196C179C2D3F00FCC42E /* ipad-segment-divider-10.png in Resources */,
				1A74196D179C2D3F00FCC42E /* ipad-segment-divider-10@2x.png in Resources */,
				1A6649341904F2C1008B5644 /* (i).aac in Resources */,
				1A6649591904F2C1008B5644 /* ta.aac in Resources */,
				1A66493C1904F2C1008B5644 /* ho.aac in Resources */,
				1A6649621904F2C1008B5644 /* yu.aac in Resources */,
				1A74196E179C2D3F00FCC42E /* ipad-segment-selected.png in Resources */,
				1A66494A1904F2C1008B5644 /* ne.aac in Resources */,
				1A74196F179C2D3F00FCC42E /* ipad-segment-selected@2x.png in Resources */,
				1A741970179C2D3F00FCC42E /* ipad-segment.png in Resources */,
				1A741971179C2D3F00FCC42E /* ipad-segment@2x.png in Resources */,
				1A6649531904F2C1008B5644 /* ru.aac in Resources */,
				1A5ABE3D17B2496600960D0B /* ipad-option-normal-pressing.png in Resources */,
				1A6649331904F2C1008B5644 /* (e).aac in Resources */,
				1A5ABE3E17B2496600960D0B /* ipad-option-normal-pressing@2x.png in Resources */,
				1A5ABE3F17B2496600960D0B /* ipad-option-normal.png in Resources */,
				1A5ABE4017B2496600960D0B /* ipad-option-normal@2x.png in Resources */,
				1A5ABE4117B2496600960D0B /* ipad-option-right-pressing.png in Resources */,
				1A5ABE4217B2496600960D0B /* ipad-option-right-pressing@2x.png in Resources */,
				1A5ABE4317B2496600960D0B /* ipad-option-right.png in Resources */,
				1A5ABE4417B2496600960D0B /* ipad-option-right@2x.png in Resources */,
				1A66493E1904F2C1008B5644 /* ka.aac in Resources */,
				1A5ABE4517B2496600960D0B /* ipad-option-wrong-pressing.png in Resources */,
				1A6649561904F2C1008B5644 /* shi.aac in Resources */,
				1A66495C1904F2C1008B5644 /* tsu.aac in Resources */,
				1A5ABE4617B2496600960D0B /* ipad-option-wrong-pressing@2x.png in Resources */,
				1A5ABE4717B2496600960D0B /* ipad-option-wrong.png in Resources */,
				1A5ABE4817B2496600960D0B /* ipad-option-wrong@2x.png in Resources */,
				1A0B9FD117B520CF0054E6AB /* ipad-tabbar-selected.png in Resources */,
				1A0B9FD217B520CF0054E6AB /* ipad-tabbar-selected@2x.png in Resources */,
			);
			runOnlyForDeploymentPostprocessing = 0;
		};
		1A7C322E16FC990D00F5A71A /* Resources */ = {
			isa = PBXResourcesBuildPhase;
			buildActionMask = 2147483647;
			files = (
				1A7C323D16FC990D00F5A71A /* InfoPlist.strings in Resources */,
			);
			runOnlyForDeploymentPostprocessing = 0;
		};
/* End PBXResourcesBuildPhase section */

/* Begin PBXShellScriptBuildPhase section */
		1A7C322F16FC990D00F5A71A /* ShellScript */ = {
			isa = PBXShellScriptBuildPhase;
			buildActionMask = 2147483647;
			files = (
			);
			inputPaths = (
			);
			outputPaths = (
			);
			runOnlyForDeploymentPostprocessing = 0;
			shellPath = /bin/sh;
			shellScript = "# Run the unit tests in this test bundle.\n\"${SYSTEM_DEVELOPER_DIR}/Tools/RunUnitTests\"\n";
		};
/* End PBXShellScriptBuildPhase section */

/* Begin PBXSourcesBuildPhase section */
		1A7C31FC16FC990C00F5A71A /* Sources */ = {
			isa = PBXSourcesBuildPhase;
			buildActionMask = 2147483647;
			files = (
				1A7C321016FC990C00F5A71A /* main.m in Sources */,
				1A7C321416FC990C00F5A71A /* CMAppDelegate.m in Sources */,
				1A7C322016FC990C00F5A71A /* CMChartViewController.m in Sources */,
				1A7C322716FC990C00F5A71A /* CMTestViewController.m in Sources */,
				1A7C324B16FCA5B200F5A71A /* CMVocabularyViewController.m in Sources */,
				1A7C325116FDB16200F5A71A /* CMChartData.m in Sources */,
				1A7265951700B06F00C9A0CB /* NSMutableArray+Shuffling.m in Sources */,
				1A5980E51703E25300A7F34B /* NSArray+Flatten.m in Sources */,
				1A95E4F5170534AA00DB0193 /* CMVocabularyData.m in Sources */,
				1ADA76A51705DC23007F6190 /* CMVocabularyCell.m in Sources */,
				1AFAFCA9173E96210057BB82 /* UIButton+AttributedString.m in Sources */,
				1A3CBB4A174CC0950012A9FF /* CMTabBarController.m in Sources */,
				1A741975179C2F8A00FCC42E /* UIImage+Device.m in Sources */,
			);
			runOnlyForDeploymentPostprocessing = 0;
		};
		1A7C322C16FC990D00F5A71A /* Sources */ = {
			isa = PBXSourcesBuildPhase;
			buildActionMask = 2147483647;
			files = (
				1A7C324016FC990D00F5A71A /* CryptomeriaTests.m in Sources */,
			);
			runOnlyForDeploymentPostprocessing = 0;
		};
/* End PBXSourcesBuildPhase section */

/* Begin PBXTargetDependency section */
		1A7C323716FC990D00F5A71A /* PBXTargetDependency */ = {
			isa = PBXTargetDependency;
			target = 1A7C31FF16FC990C00F5A71A /* Cryptomeria */;
			targetProxy = 1A7C323616FC990D00F5A71A /* PBXContainerItemProxy */;
		};
/* End PBXTargetDependency section */

/* Begin PBXVariantGroup section */
		1A7C320C16FC990C00F5A71A /* InfoPlist.strings */ = {
			isa = PBXVariantGroup;
			children = (
				1A7C320D16FC990C00F5A71A /* en */,
			);
			name = InfoPlist.strings;
			sourceTree = "<group>";
		};
		1A7C321B16FC990C00F5A71A /* MainStoryboard.storyboard */ = {
			isa = PBXVariantGroup;
			children = (
				1A72658F1700A33900C9A0CB /* Base */,
			);
			name = MainStoryboard.storyboard;
			sourceTree = "<group>";
		};
		1A7C323B16FC990D00F5A71A /* InfoPlist.strings */ = {
			isa = PBXVariantGroup;
			children = (
				1A7C323C16FC990D00F5A71A /* en */,
			);
			name = InfoPlist.strings;
			sourceTree = "<group>";
		};
/* End PBXVariantGroup section */

/* Begin XCBuildConfiguration section */
		1A7C324116FC990D00F5A71A /* Debug */ = {
			isa = XCBuildConfiguration;
			buildSettings = {
				ALWAYS_SEARCH_USER_PATHS = NO;
				CLANG_CXX_LANGUAGE_STANDARD = "gnu++0x";
				CLANG_CXX_LIBRARY = "libc++";
				CLANG_ENABLE_OBJC_ARC = YES;
				CLANG_WARN_CONSTANT_CONVERSION = YES;
				CLANG_WARN_EMPTY_BODY = YES;
				CLANG_WARN_ENUM_CONVERSION = YES;
				CLANG_WARN_INT_CONVERSION = YES;
				CLANG_WARN__DUPLICATE_METHOD_MATCH = YES;
				COPY_PHASE_STRIP = NO;
				ENABLE_TESTABILITY = YES;
				GCC_C_LANGUAGE_STANDARD = gnu99;
				GCC_DYNAMIC_NO_PIC = NO;
				GCC_OPTIMIZATION_LEVEL = 0;
				GCC_PREPROCESSOR_DEFINITIONS = (
					"DEBUG=1",
					"$(inherited)",
				);
				GCC_SYMBOLS_PRIVATE_EXTERN = NO;
				GCC_WARN_ABOUT_RETURN_TYPE = YES;
				GCC_WARN_UNINITIALIZED_AUTOS = YES;
				GCC_WARN_UNUSED_VARIABLE = YES;
				IPHONEOS_DEPLOYMENT_TARGET = 9.0;
				ONLY_ACTIVE_ARCH = YES;
				SDKROOT = iphoneos;
				STRIP_INSTALLED_PRODUCT = NO;
			};
			name = Debug;
		};
		1A7C324216FC990D00F5A71A /* Release */ = {
			isa = XCBuildConfiguration;
			buildSettings = {
				ALWAYS_SEARCH_USER_PATHS = NO;
				CLANG_CXX_LANGUAGE_STANDARD = "gnu++0x";
				CLANG_CXX_LIBRARY = "libc++";
				CLANG_ENABLE_OBJC_ARC = YES;
				CLANG_WARN_CONSTANT_CONVERSION = YES;
				CLANG_WARN_EMPTY_BODY = YES;
				CLANG_WARN_ENUM_CONVERSION = YES;
				CLANG_WARN_INT_CONVERSION = YES;
				CLANG_WARN__DUPLICATE_METHOD_MATCH = YES;
				COPY_PHASE_STRIP = NO;
				GCC_C_LANGUAGE_STANDARD = gnu99;
				GCC_WARN_ABOUT_RETURN_TYPE = YES;
				GCC_WARN_UNINITIALIZED_AUTOS = YES;
				GCC_WARN_UNUSED_VARIABLE = YES;
				IPHONEOS_DEPLOYMENT_TARGET = 9.0;
				OTHER_CFLAGS = "-DNS_BLOCK_ASSERTIONS=1";
				SDKROOT = iphoneos;
				STRIP_INSTALLED_PRODUCT = NO;
				VALIDATE_PRODUCT = YES;
			};
			name = Release;
		};
		1A7C324416FC990D00F5A71A /* Debug */ = {
			isa = XCBuildConfiguration;
			buildSettings = {
				ASSETCATALOG_COMPILER_APPICON_NAME = AppIcon;
				CODE_SIGN_IDENTITY = "iPhone Developer";
				GCC_PRECOMPILE_PREFIX_HEADER = YES;
				GCC_PREFIX_HEADER = "Cryptomeria/Cryptomeria-Prefix.pch";
				INFOPLIST_FILE = "Cryptomeria/Cryptomeria-Info.plist";
				PRODUCT_BUNDLE_IDENTIFIER = "Xhacker.${PRODUCT_NAME:rfc1034identifier}";
				PRODUCT_NAME = "$(TARGET_NAME)";
				TARGETED_DEVICE_FAMILY = "1,2";
				WRAPPER_EXTENSION = app;
			};
			name = Debug;
		};
		1A7C324516FC990D00F5A71A /* Release */ = {
			isa = XCBuildConfiguration;
			buildSettings = {
				ASSETCATALOG_COMPILER_APPICON_NAME = AppIcon;
				CODE_SIGN_IDENTITY = "iPhone Developer";
				GCC_PRECOMPILE_PREFIX_HEADER = YES;
				GCC_PREFIX_HEADER = "Cryptomeria/Cryptomeria-Prefix.pch";
				INFOPLIST_FILE = "Cryptomeria/Cryptomeria-Info.plist";
				PRODUCT_BUNDLE_IDENTIFIER = "Xhacker.${PRODUCT_NAME:rfc1034identifier}";
				PRODUCT_NAME = "$(TARGET_NAME)";
				TARGETED_DEVICE_FAMILY = "1,2";
				WRAPPER_EXTENSION = app;
			};
			name = Release;
		};
		1A7C324716FC990D00F5A71A /* Debug */ = {
			isa = XCBuildConfiguration;
			buildSettings = {
				BUNDLE_LOADER = "$(BUILT_PRODUCTS_DIR)/Cryptomeria.app/Cryptomeria";
				FRAMEWORK_SEARCH_PATHS = (
					"\"$(SDKROOT)/Developer/Library/Frameworks\"",
					"\"$(DEVELOPER_LIBRARY_DIR)/Frameworks\"",
				);
				GCC_PRECOMPILE_PREFIX_HEADER = YES;
				GCC_PREFIX_HEADER = "Cryptomeria/Cryptomeria-Prefix.pch";
				INFOPLIST_FILE = "CryptomeriaTests/CryptomeriaTests-Info.plist";
				PRODUCT_BUNDLE_IDENTIFIER = "Xhacker.${PRODUCT_NAME:rfc1034identifier}";
				PRODUCT_NAME = "$(TARGET_NAME)";
				TEST_HOST = "$(BUNDLE_LOADER)";
				WRAPPER_EXTENSION = octest;
			};
			name = Debug;
		};
		1A7C324816FC990D00F5A71A /* Release */ = {
			isa = XCBuildConfiguration;
			buildSettings = {
				BUNDLE_LOADER = "$(BUILT_PRODUCTS_DIR)/Cryptomeria.app/Cryptomeria";
				FRAMEWORK_SEARCH_PATHS = (
					"\"$(SDKROOT)/Developer/Library/Frameworks\"",
					"\"$(DEVELOPER_LIBRARY_DIR)/Frameworks\"",
				);
				GCC_PRECOMPILE_PREFIX_HEADER = YES;
				GCC_PREFIX_HEADER = "Cryptomeria/Cryptomeria-Prefix.pch";
				INFOPLIST_FILE = "CryptomeriaTests/CryptomeriaTests-Info.plist";
				PRODUCT_BUNDLE_IDENTIFIER = "Xhacker.${PRODUCT_NAME:rfc1034identifier}";
				PRODUCT_NAME = "$(TARGET_NAME)";
				TEST_HOST = "$(BUNDLE_LOADER)";
				WRAPPER_EXTENSION = octest;
			};
			name = Release;
		};
/* End XCBuildConfiguration section */

/* Begin XCConfigurationList section */
		1A7C31FB16FC990C00F5A71A /* Build configuration list for PBXProject "Cryptomeria" */ = {
			isa = XCConfigurationList;
			buildConfigurations = (
				1A7C324116FC990D00F5A71A /* Debug */,
				1A7C324216FC990D00F5A71A /* Release */,
			);
			defaultConfigurationIsVisible = 0;
			defaultConfigurationName = Release;
		};
		1A7C324316FC990D00F5A71A /* Build configuration list for PBXNativeTarget "Cryptomeria" */ = {
			isa = XCConfigurationList;
			buildConfigurations = (
				1A7C324416FC990D00F5A71A /* Debug */,
				1A7C324516FC990D00F5A71A /* Release */,
			);
			defaultConfigurationIsVisible = 0;
			defaultConfigurationName = Release;
		};
		1A7C324616FC990D00F5A71A /* Build configuration list for PBXNativeTarget "CryptomeriaTests" */ = {
			isa = XCConfigurationList;
			buildConfigurations = (
				1A7C324716FC990D00F5A71A /* Debug */,
				1A7C324816FC990D00F5A71A /* Release */,
			);
			defaultConfigurationIsVisible = 0;
			defaultConfigurationName = Release;
		};
/* End XCConfigurationList section */
	};
	rootObject = 1A7C31F816FC990C00F5A71A /* Project object */;
}
